// !$*UTF8*$!
{
	archiveVersion = 1;
	classes = {
	};
	objectVersion = 46;
	objects = {

/* Begin PBXBuildFile section */
		8981D1211DAB3BE200CF2426 /* SystemConfiguration.framework in Frameworks */ = {isa = PBXBuildFile; fileRef = 8981D1201DAB3BE200CF2426 /* SystemConfiguration.framework */; };
		8981D1231DAB3BED00CF2426 /* CoreLocation.framework in Frameworks */ = {isa = PBXBuildFile; fileRef = 8981D1221DAB3BED00CF2426 /* CoreLocation.framework */; };
		8981D1251DAB3BFF00CF2426 /* UIKit.framework in Frameworks */ = {isa = PBXBuildFile; fileRef = 8981D1241DAB3BFF00CF2426 /* UIKit.framework */; };
		8981D1271DAB3C1300CF2426 /* Foundation.framework in Frameworks */ = {isa = PBXBuildFile; fileRef = 8981D1261DAB3C1300CF2426 /* Foundation.framework */; };
		8981D1291DAB3C1E00CF2426 /* CoreGraphics.framework in Frameworks */ = {isa = PBXBuildFile; fileRef = 8981D1281DAB3C1E00CF2426 /* CoreGraphics.framework */; };
		8981D12C1DAB3C9300CF2426 /* CommonUtility.m in Sources */ = {isa = PBXBuildFile; fileRef = 8981D12B1DAB3C9300CF2426 /* CommonUtility.m */; };
		8981D12F1DAB3CE200CF2426 /* LineDashPolyline.m in Sources */ = {isa = PBXBuildFile; fileRef = 8981D12E1DAB3CE200CF2426 /* LineDashPolyline.m */; };
		8981D1311DAB3D2000CF2426 /* JavaScriptCore.framework in Frameworks */ = {isa = PBXBuildFile; fileRef = 8981D1301DAB3D2000CF2426 /* JavaScriptCore.framework */; };
		8981D1581DAB81D700CF2426 /* BaseMapViewController.m in Sources */ = {isa = PBXBuildFile; fileRef = 8981D1571DAB81D700CF2426 /* BaseMapViewController.m */; };
		8981D15B1DAB81F600CF2426 /* stdMapViewController.m in Sources */ = {isa = PBXBuildFile; fileRef = 8981D15A1DAB81F600CF2426 /* stdMapViewController.m */; };
		8981D15E1DAB8BD400CF2426 /* ReGeocodeAnnotation.m in Sources */ = {isa = PBXBuildFile; fileRef = 8981D15D1DAB8BD400CF2426 /* ReGeocodeAnnotation.m */; };
		8981D1601DAB8C5900CF2426 /* AMap.bundle in Resources */ = {isa = PBXBuildFile; fileRef = 8981D15F1DAB8C5900CF2426 /* AMap.bundle */; };
		899C89A01DAD101A0073794E /* cancle.png in Resources */ = {isa = PBXBuildFile; fileRef = 899C899F1DAD101A0073794E /* cancle.png */; };
		899C89AB1DAD209F0073794E /* DOPDropDownMenu.m in Sources */ = {isa = PBXBuildFile; fileRef = 899C89A71DAD209F0073794E /* DOPDropDownMenu.m */; };
		899C89AC1DAD209F0073794E /* icon_chose_arrow_nor@2x.png in Resources */ = {isa = PBXBuildFile; fileRef = 899C89A81DAD209F0073794E /* icon_chose_arrow_nor@2x.png */; };
		899C89AD1DAD209F0073794E /* icon_chose_arrow_sel@2x.png in Resources */ = {isa = PBXBuildFile; fileRef = 899C89A91DAD209F0073794E /* icon_chose_arrow_sel@2x.png */; };
		899C89AE1DAD209F0073794E /* icon_chose_bottom@2x.png in Resources */ = {isa = PBXBuildFile; fileRef = 899C89AA1DAD209F0073794E /* icon_chose_bottom@2x.png */; };
		89EAA8C11DAE03270043BE53 /* DownLoadBaseData.m in Sources */ = {isa = PBXBuildFile; fileRef = 89EAA8C01DAE03270043BE53 /* DownLoadBaseData.m */; };
		89EAA8C41DAE28490043BE53 /* ticketList.m in Sources */ = {isa = PBXBuildFile; fileRef = 89EAA8C31DAE28490043BE53 /* ticketList.m */; };
		89EAA8C91DAE2D870043BE53 /* ticketListTableViewCell.m in Sources */ = {isa = PBXBuildFile; fileRef = 89EAA8C71DAE2D870043BE53 /* ticketListTableViewCell.m */; };
		89EAA8CA1DAE2D870043BE53 /* ticketListTableViewCell.xib in Resources */ = {isa = PBXBuildFile; fileRef = 89EAA8C81DAE2D870043BE53 /* ticketListTableViewCell.xib */; };
		89F3EA211DAB368700B6E54A /* AMapFoundationKit.framework in Frameworks */ = {isa = PBXBuildFile; fileRef = 89F3EA1F1DAB368700B6E54A /* AMapFoundationKit.framework */; };
		89F3EA221DAB368700B6E54A /* MAMapKit.framework in Frameworks */ = {isa = PBXBuildFile; fileRef = 89F3EA201DAB368700B6E54A /* MAMapKit.framework */; };
		89F3EA2A1DAB38EB00B6E54A /* AMapSearchKit.framework in Frameworks */ = {isa = PBXBuildFile; fileRef = 89F3EA291DAB38EB00B6E54A /* AMapSearchKit.framework */; };
		89F3EA361DAB3A8C00B6E54A /* ALView+PureLayout.m in Sources */ = {isa = PBXBuildFile; fileRef = 89F3EA2E1DAB3A8C00B6E54A /* ALView+PureLayout.m */; };
		89F3EA371DAB3A8C00B6E54A /* NSArray+PureLayout.m in Sources */ = {isa = PBXBuildFile; fileRef = 89F3EA301DAB3A8C00B6E54A /* NSArray+PureLayout.m */; };
		89F3EA381DAB3A8C00B6E54A /* NSLayoutConstraint+PureLayout.m in Sources */ = {isa = PBXBuildFile; fileRef = 89F3EA321DAB3A8C00B6E54A /* NSLayoutConstraint+PureLayout.m */; };
		89F3EA3A1DAB3B0300B6E54A /* libc++.tbd in Frameworks */ = {isa = PBXBuildFile; fileRef = 89F3EA391DAB3B0300B6E54A /* libc++.tbd */; };
		89F3EA3C1DAB3B1E00B6E54A /* libstdc++.6.0.9.tbd in Frameworks */ = {isa = PBXBuildFile; fileRef = 89F3EA3B1DAB3B1E00B6E54A /* libstdc++.6.0.9.tbd */; };
		89F3EA3E1DAB3B2D00B6E54A /* libz.tbd in Frameworks */ = {isa = PBXBuildFile; fileRef = 89F3EA3D1DAB3B2D00B6E54A /* libz.tbd */; };
		89F3EA401DAB3B5C00B6E54A /* CoreTelephony.framework in Frameworks */ = {isa = PBXBuildFile; fileRef = 89F3EA3F1DAB3B5C00B6E54A /* CoreTelephony.framework */; };
		89F3EA421DAB3B8E00B6E54A /* Security.framework in Frameworks */ = {isa = PBXBuildFile; fileRef = 89F3EA411DAB3B8E00B6E54A /* Security.framework */; };
		89F3EA441DAB3BA100B6E54A /* QuartzCore.framework in Frameworks */ = {isa = PBXBuildFile; fileRef = 89F3EA431DAB3BA100B6E54A /* QuartzCore.framework */; };
		89F61E351DACAB5B00E9B489 /* CHART@3x.png in Resources */ = {isa = PBXBuildFile; fileRef = 89F61DFB1DACAB5B00E9B489 /* CHART@3x.png */; };
		89F61E361DACAB5B00E9B489 /* Color-Fill.png in Resources */ = {isa = PBXBuildFile; fileRef = 89F61DFC1DACAB5B00E9B489 /* Color-Fill.png */; };
		89F61E371DACAB5B00E9B489 /* Color-Fill@2x.png in Resources */ = {isa = PBXBuildFile; fileRef = 89F61DFD1DACAB5B00E9B489 /* Color-Fill@2x.png */; };
		89F61E381DACAB5B00E9B489 /* Color-Fill@3x.png in Resources */ = {isa = PBXBuildFile; fileRef = 89F61DFE1DACAB5B00E9B489 /* Color-Fill@3x.png */; };
		89F61E391DACAB5B00E9B489 /* FOLDER-OK.png in Resources */ = {isa = PBXBuildFile; fileRef = 89F61DFF1DACAB5B00E9B489 /* FOLDER-OK.png */; };
		89F61E3A1DACAB5B00E9B489 /* FOLDER-OK@2x.png in Resources */ = {isa = PBXBuildFile; fileRef = 89F61E001DACAB5B00E9B489 /* FOLDER-OK@2x.png */; };
		89F61E3B1DACAB5B00E9B489 /* FOLDER-OK@3x.png in Resources */ = {isa = PBXBuildFile; fileRef = 89F61E011DACAB5B00E9B489 /* FOLDER-OK@3x.png */; };
		89F61E3C1DACAB5B00E9B489 /* home.png in Resources */ = {isa = PBXBuildFile; fileRef = 89F61E021DACAB5B00E9B489 /* home.png */; };
		89F61E3D1DACAB5B00E9B489 /* home@2x.png in Resources */ = {isa = PBXBuildFile; fileRef = 89F61E031DACAB5B00E9B489 /* home@2x.png */; };
		89F61E3E1DACAB5B00E9B489 /* home@3x.png in Resources */ = {isa = PBXBuildFile; fileRef = 89F61E041DACAB5B00E9B489 /* home@3x.png */; };
		89F61E3F1DACAB5B00E9B489 /* kshsj_icon01.png in Resources */ = {isa = PBXBuildFile; fileRef = 89F61E051DACAB5B00E9B489 /* kshsj_icon01.png */; };
		89F61E401DACAB5B00E9B489 /* kshsj_icon01@2x.png in Resources */ = {isa = PBXBuildFile; fileRef = 89F61E061DACAB5B00E9B489 /* kshsj_icon01@2x.png */; };
		89F61E411DACAB5B00E9B489 /* kshsj_icon01@3x.png in Resources */ = {isa = PBXBuildFile; fileRef = 89F61E071DACAB5B00E9B489 /* kshsj_icon01@3x.png */; };
		89F61E421DACAB5B00E9B489 /* kshsj_icon02.png in Resources */ = {isa = PBXBuildFile; fileRef = 89F61E081DACAB5B00E9B489 /* kshsj_icon02.png */; };
		89F61E431DACAB5B00E9B489 /* kshsj_icon02@2x.png in Resources */ = {isa = PBXBuildFile; fileRef = 89F61E091DACAB5B00E9B489 /* kshsj_icon02@2x.png */; };
		89F61E441DACAB5B00E9B489 /* kshsj_icon02@3x.png in Resources */ = {isa = PBXBuildFile; fileRef = 89F61E0A1DACAB5B00E9B489 /* kshsj_icon02@3x.png */; };
		89F61E451DACAB5B00E9B489 /* kshsj_icon03.png in Resources */ = {isa = PBXBuildFile; fileRef = 89F61E0B1DACAB5B00E9B489 /* kshsj_icon03.png */; };
		89F61E461DACAB5B00E9B489 /* kshsj_icon03@2x.png in Resources */ = {isa = PBXBuildFile; fileRef = 89F61E0C1DACAB5B00E9B489 /* kshsj_icon03@2x.png */; };
		89F61E471DACAB5B00E9B489 /* kshsj_icon03@3x.png in Resources */ = {isa = PBXBuildFile; fileRef = 89F61E0D1DACAB5B00E9B489 /* kshsj_icon03@3x.png */; };
		89F61E481DACAB5B00E9B489 /* kshsj_icon04.png in Resources */ = {isa = PBXBuildFile; fileRef = 89F61E0E1DACAB5B00E9B489 /* kshsj_icon04.png */; };
		89F61E491DACAB5B00E9B489 /* kshsj_icon04@2x.png in Resources */ = {isa = PBXBuildFile; fileRef = 89F61E0F1DACAB5B00E9B489 /* kshsj_icon04@2x.png */; };
		89F61E4A1DACAB5B00E9B489 /* kshsj_icon04@3x.png in Resources */ = {isa = PBXBuildFile; fileRef = 89F61E101DACAB5B00E9B489 /* kshsj_icon04@3x.png */; };
		89F61E4B1DACAB5B00E9B489 /* kshsj_icon05.png in Resources */ = {isa = PBXBuildFile; fileRef = 89F61E111DACAB5B00E9B489 /* kshsj_icon05.png */; };
		89F61E4C1DACAB5B00E9B489 /* kshsj_icon05@2x.png in Resources */ = {isa = PBXBuildFile; fileRef = 89F61E121DACAB5B00E9B489 /* kshsj_icon05@2x.png */; };
		89F61E4D1DACAB5B00E9B489 /* kshsj_icon05@3x.png in Resources */ = {isa = PBXBuildFile; fileRef = 89F61E131DACAB5B00E9B489 /* kshsj_icon05@3x.png */; };
		89F61E4E1DACAB5B00E9B489 /* login_bg.png in Resources */ = {isa = PBXBuildFile; fileRef = 89F61E141DACAB5B00E9B489 /* login_bg.png */; };
		89F61E4F1DACAB5B00E9B489 /* login_bg@2x.png in Resources */ = {isa = PBXBuildFile; fileRef = 89F61E151DACAB5B00E9B489 /* login_bg@2x.png */; };
		89F61E501DACAB5B00E9B489 /* login_bg@3x.png in Resources */ = {isa = PBXBuildFile; fileRef = 89F61E161DACAB5B00E9B489 /* login_bg@3x.png */; };
		89F61E511DACAB5B00E9B489 /* login_icon.png in Resources */ = {isa = PBXBuildFile; fileRef = 89F61E171DACAB5B00E9B489 /* login_icon.png */; };
		89F61E521DACAB5B00E9B489 /* login_icon@2x.png in Resources */ = {isa = PBXBuildFile; fileRef = 89F61E181DACAB5B00E9B489 /* login_icon@2x.png */; };
		89F61E531DACAB5B00E9B489 /* login_icon@3x.png in Resources */ = {isa = PBXBuildFile; fileRef = 89F61E191DACAB5B00E9B489 /* login_icon@3x.png */; };
		89F61E541DACAB5B00E9B489 /* male.png in Resources */ = {isa = PBXBuildFile; fileRef = 89F61E1A1DACAB5B00E9B489 /* male.png */; };
		89F61E551DACAB5B00E9B489 /* male@2x.png in Resources */ = {isa = PBXBuildFile; fileRef = 89F61E1B1DACAB5B00E9B489 /* male@2x.png */; };
		89F61E561DACAB5B00E9B489 /* male@3x.png in Resources */ = {isa = PBXBuildFile; fileRef = 89F61E1C1DACAB5B00E9B489 /* male@3x.png */; };
		89F61E571DACAB5B00E9B489 /* NOTEPAD-OK.png in Resources */ = {isa = PBXBuildFile; fileRef = 89F61E1D1DACAB5B00E9B489 /* NOTEPAD-OK.png */; };
		89F61E581DACAB5B00E9B489 /* NOTEPAD-OK@2x.png in Resources */ = {isa = PBXBuildFile; fileRef = 89F61E1E1DACAB5B00E9B489 /* NOTEPAD-OK@2x.png */; };
		89F61E591DACAB5B00E9B489 /* NOTEPAD-OK@3x.png in Resources */ = {isa = PBXBuildFile; fileRef = 89F61E1F1DACAB5B00E9B489 /* NOTEPAD-OK@3x.png */; };
		89F61E5A1DACAB5B00E9B489 /* PIN-ZOOM-IN.png in Resources */ = {isa = PBXBuildFile; fileRef = 89F61E201DACAB5B00E9B489 /* PIN-ZOOM-IN.png */; };
		89F61E5B1DACAB5B00E9B489 /* PIN-ZOOM-IN@2x.png in Resources */ = {isa = PBXBuildFile; fileRef = 89F61E211DACAB5B00E9B489 /* PIN-ZOOM-IN@2x.png */; };
		89F61E5C1DACAB5B00E9B489 /* PIN-ZOOM-IN@3x.png in Resources */ = {isa = PBXBuildFile; fileRef = 89F61E221DACAB5B00E9B489 /* PIN-ZOOM-IN@3x.png */; };
		89F61E5D1DACAB5B00E9B489 /* USER-OK.png in Resources */ = {isa = PBXBuildFile; fileRef = 89F61E231DACAB5B00E9B489 /* USER-OK.png */; };
		89F61E5E1DACAB5B00E9B489 /* USER-OK@2x.png in Resources */ = {isa = PBXBuildFile; fileRef = 89F61E241DACAB5B00E9B489 /* USER-OK@2x.png */; };
		89F61E5F1DACAB5B00E9B489 /* USER-OK@3x.png in Resources */ = {isa = PBXBuildFile; fileRef = 89F61E251DACAB5B00E9B489 /* USER-OK@3x.png */; };
		89F61E601DACAB5B00E9B489 /* USERS.png in Resources */ = {isa = PBXBuildFile; fileRef = 89F61E261DACAB5B00E9B489 /* USERS.png */; };
		89F61E611DACAB5B00E9B489 /* USERS@2x.png in Resources */ = {isa = PBXBuildFile; fileRef = 89F61E271DACAB5B00E9B489 /* USERS@2x.png */; };
		89F61E621DACAB5B00E9B489 /* USERS@3x.png in Resources */ = {isa = PBXBuildFile; fileRef = 89F61E281DACAB5B00E9B489 /* USERS@3x.png */; };
		89F61E631DACAB5B00E9B489 /* wd_icon01.png in Resources */ = {isa = PBXBuildFile; fileRef = 89F61E291DACAB5B00E9B489 /* wd_icon01.png */; };
		89F61E641DACAB5B00E9B489 /* wd_icon01@2x.png in Resources */ = {isa = PBXBuildFile; fileRef = 89F61E2A1DACAB5B00E9B489 /* wd_icon01@2x.png */; };
		89F61E651DACAB5B00E9B489 /* wd_icon01@3x.png in Resources */ = {isa = PBXBuildFile; fileRef = 89F61E2B1DACAB5B00E9B489 /* wd_icon01@3x.png */; };
		89F61E661DACAB5B00E9B489 /* wd_icon02.png in Resources */ = {isa = PBXBuildFile; fileRef = 89F61E2C1DACAB5B00E9B489 /* wd_icon02.png */; };
		89F61E671DACAB5B00E9B489 /* wd_icon02@2x.png in Resources */ = {isa = PBXBuildFile; fileRef = 89F61E2D1DACAB5B00E9B489 /* wd_icon02@2x.png */; };
		89F61E681DACAB5B00E9B489 /* wd_icon02@3x.png in Resources */ = {isa = PBXBuildFile; fileRef = 89F61E2E1DACAB5B00E9B489 /* wd_icon02@3x.png */; };
		89F61E691DACAB5B00E9B489 /* wd_icon03.png in Resources */ = {isa = PBXBuildFile; fileRef = 89F61E2F1DACAB5B00E9B489 /* wd_icon03.png */; };
		89F61E6A1DACAB5B00E9B489 /* wd_icon03@2x.png in Resources */ = {isa = PBXBuildFile; fileRef = 89F61E301DACAB5B00E9B489 /* wd_icon03@2x.png */; };
		89F61E6B1DACAB5B00E9B489 /* wd_icon03@3x.png in Resources */ = {isa = PBXBuildFile; fileRef = 89F61E311DACAB5B00E9B489 /* wd_icon03@3x.png */; };
		89F61E6C1DACAB5B00E9B489 /* wd_icon04.png in Resources */ = {isa = PBXBuildFile; fileRef = 89F61E321DACAB5B00E9B489 /* wd_icon04.png */; };
		89F61E6D1DACAB5B00E9B489 /* wd_icon04@2x.png in Resources */ = {isa = PBXBuildFile; fileRef = 89F61E331DACAB5B00E9B489 /* wd_icon04@2x.png */; };
		89F61E6E1DACAB5B00E9B489 /* wd_icon04@3x.png in Resources */ = {isa = PBXBuildFile; fileRef = 89F61E341DACAB5B00E9B489 /* wd_icon04@3x.png */; };
		89F61E711DACABCE00E9B489 /* CHART.png in Resources */ = {isa = PBXBuildFile; fileRef = 89F61E6F1DACABCE00E9B489 /* CHART.png */; };
		89F61E721DACABCE00E9B489 /* CHART@2x.png in Resources */ = {isa = PBXBuildFile; fileRef = 89F61E701DACABCE00E9B489 /* CHART@2x.png */; };
		89F61E751DACB79600E9B489 /* hh_login01.png in Resources */ = {isa = PBXBuildFile; fileRef = 89F61E731DACB79600E9B489 /* hh_login01.png */; };
		89F61E761DACB79600E9B489 /* hh_login02.png in Resources */ = {isa = PBXBuildFile; fileRef = 89F61E741DACB79600E9B489 /* hh_login02.png */; };
		89F61E791DACBBAE00E9B489 /* checkbox_off.png in Resources */ = {isa = PBXBuildFile; fileRef = 89F61E771DACBBAE00E9B489 /* checkbox_off.png */; };
		89F61E7A1DACBBAE00E9B489 /* checkbox_on.png in Resources */ = {isa = PBXBuildFile; fileRef = 89F61E781DACBBAE00E9B489 /* checkbox_on.png */; };
		89F61E7C1DACC2AE00E9B489 /* login02.png in Resources */ = {isa = PBXBuildFile; fileRef = 89F61E7B1DACC2AE00E9B489 /* login02.png */; };
		89F61E7E1DACC2D300E9B489 /* bar_back.png in Resources */ = {isa = PBXBuildFile; fileRef = 89F61E7D1DACC2D300E9B489 /* bar_back.png */; };
		89F61E811DACCF4500E9B489 /* AnimatedAnnotationView.m in Sources */ = {isa = PBXBuildFile; fileRef = 89F61E801DACCF4500E9B489 /* AnimatedAnnotationView.m */; };
		89F61E841DACCF9900E9B489 /* AnimatedAnnotation.m in Sources */ = {isa = PBXBuildFile; fileRef = 89F61E831DACCF9900E9B489 /* AnimatedAnnotation.m */; };
		89F61E8D1DACE0B000E9B489 /* signInfo.m in Sources */ = {isa = PBXBuildFile; fileRef = 89F61E8C1DACE0B000E9B489 /* signInfo.m */; };
		89FB406B1DAF1A7500E95134 /* YjgdViewController.m in Sources */ = {isa = PBXBuildFile; fileRef = 89FB406A1DAF1A7500E95134 /* YjgdViewController.m */; };
		89FB406E1DAF1AE600E95134 /* ZhiDViewController.m in Sources */ = {isa = PBXBuildFile; fileRef = 89FB406D1DAF1AE600E95134 /* ZhiDViewController.m */; };
		89FB40711DAF223900E95134 /* GggdViewController.m in Sources */ = {isa = PBXBuildFile; fileRef = 89FB40701DAF223900E95134 /* GggdViewController.m */; };
		89FB40741DAF271C00E95134 /* PaidanViewController.m in Sources */ = {isa = PBXBuildFile; fileRef = 89FB40731DAF271C00E95134 /* PaidanViewController.m */; };
		89FB40781DAF34C000E95134 /* ticketInfoViewController.m in Sources */ = {isa = PBXBuildFile; fileRef = 89FB40771DAF34C000E95134 /* ticketInfoViewController.m */; };
		89FB407B1DAF616B00E95134 /* ticketInfo.m in Sources */ = {isa = PBXBuildFile; fileRef = 89FB407A1DAF616B00E95134 /* ticketInfo.m */; };
		89FB407E1DAF618800E95134 /* ticketFlowInfo.m in Sources */ = {isa = PBXBuildFile; fileRef = 89FB407D1DAF618800E95134 /* ticketFlowInfo.m */; };
		89FB40871DAF850000E95134 /* baoxiuInfoView.m in Sources */ = {isa = PBXBuildFile; fileRef = 89FB40861DAF850000E95134 /* baoxiuInfoView.m */; };
		89FBEE9C1DAA2FA4008FBB8A /* main.m in Sources */ = {isa = PBXBuildFile; fileRef = 89FBEE9B1DAA2FA4008FBB8A /* main.m */; };
		89FBEE9F1DAA2FA4008FBB8A /* AppDelegate.m in Sources */ = {isa = PBXBuildFile; fileRef = 89FBEE9E1DAA2FA4008FBB8A /* AppDelegate.m */; };
		89FBEEA21DAA2FA5008FBB8A /* ViewController.m in Sources */ = {isa = PBXBuildFile; fileRef = 89FBEEA11DAA2FA5008FBB8A /* ViewController.m */; };
		89FBEEA81DAA2FA5008FBB8A /* woproject.xcdatamodeld in Sources */ = {isa = PBXBuildFile; fileRef = 89FBEEA61DAA2FA5008FBB8A /* woproject.xcdatamodeld */; };
		89FBEEAA1DAA2FA5008FBB8A /* Assets.xcassets in Resources */ = {isa = PBXBuildFile; fileRef = 89FBEEA91DAA2FA5008FBB8A /* Assets.xcassets */; };
		89FBEEB81DAA2FA5008FBB8A /* woprojectTests.m in Sources */ = {isa = PBXBuildFile; fileRef = 89FBEEB71DAA2FA5008FBB8A /* woprojectTests.m */; };
		89FBEEC31DAA2FA5008FBB8A /* woprojectUITests.m in Sources */ = {isa = PBXBuildFile; fileRef = 89FBEEC21DAA2FA5008FBB8A /* woprojectUITests.m */; };
		89FBEED51DAA35A9008FBB8A /* StdRootController.m in Sources */ = {isa = PBXBuildFile; fileRef = 89FBEED41DAA35A9008FBB8A /* StdRootController.m */; };
		89FBEED81DAA3660008FBB8A /* HomeViewController.m in Sources */ = {isa = PBXBuildFile; fileRef = 89FBEED71DAA3660008FBB8A /* HomeViewController.m */; };
		89FBEEDE1DAA3681008FBB8A /* RepairViewController.m in Sources */ = {isa = PBXBuildFile; fileRef = 89FBEEDD1DAA3681008FBB8A /* RepairViewController.m */; };
		89FBEEE11DAA3690008FBB8A /* MyinfoViewController.m in Sources */ = {isa = PBXBuildFile; fileRef = 89FBEEE01DAA3690008FBB8A /* MyinfoViewController.m */; };
		89FBEF3B1DAA4131008FBB8A /* loginInfo.m in Sources */ = {isa = PBXBuildFile; fileRef = 89FBEF3A1DAA4131008FBB8A /* loginInfo.m */; };
		89FBEF3E1DAA41DD008FBB8A /* LoginViewController.m in Sources */ = {isa = PBXBuildFile; fileRef = 89FBEF3D1DAA41DD008FBB8A /* LoginViewController.m */; };
		89FBEF541DAA4297008FBB8A /* NullSafe.m in Sources */ = {isa = PBXBuildFile; fileRef = 89FBEF451DAA4297008FBB8A /* NullSafe.m */; };
		89FBEF551DAA4297008FBB8A /* stdCallBtn.m in Sources */ = {isa = PBXBuildFile; fileRef = 89FBEF471DAA4297008FBB8A /* stdCallBtn.m */; };
		89FBEF561DAA4297008FBB8A /* stdCellVc.m in Sources */ = {isa = PBXBuildFile; fileRef = 89FBEF491DAA4297008FBB8A /* stdCellVc.m */; };
		89FBEF571DAA4297008FBB8A /* stdImgBtn.m in Sources */ = {isa = PBXBuildFile; fileRef = 89FBEF4B1DAA4297008FBB8A /* stdImgBtn.m */; };
		89FBEF581DAA4297008FBB8A /* stdPubFunc.m in Sources */ = {isa = PBXBuildFile; fileRef = 89FBEF4D1DAA4297008FBB8A /* stdPubFunc.m */; };
		89FBEF591DAA4297008FBB8A /* stdTextField.m in Sources */ = {isa = PBXBuildFile; fileRef = 89FBEF4F1DAA4297008FBB8A /* stdTextField.m */; };
		89FBEF5A1DAA4297008FBB8A /* StdUploadFileApi.m in Sources */ = {isa = PBXBuildFile; fileRef = 89FBEF511DAA4297008FBB8A /* StdUploadFileApi.m */; };
		89FBEF5D1DAA47F6008FBB8A /* deptList.m in Sources */ = {isa = PBXBuildFile; fileRef = 89FBEF5C1DAA47F6008FBB8A /* deptList.m */; };
		89FBEF601DAA48DE008FBB8A /* projectList.m in Sources */ = {isa = PBXBuildFile; fileRef = 89FBEF5F1DAA48DE008FBB8A /* projectList.m */; };
		89FBEF631DAA4939008FBB8A /* roleList.m in Sources */ = {isa = PBXBuildFile; fileRef = 89FBEF621DAA4939008FBB8A /* roleList.m */; };
		E62192DA2787100A03DF67B3 /* Pods_woproject.framework in Frameworks */ = {isa = PBXBuildFile; fileRef = 959E4E9F5722937136D7203E /* Pods_woproject.framework */; };
/* End PBXBuildFile section */

/* Begin PBXContainerItemProxy section */
		89FBEEB41DAA2FA5008FBB8A /* PBXContainerItemProxy */ = {
			isa = PBXContainerItemProxy;
			containerPortal = 89FBEE8F1DAA2FA4008FBB8A /* Project object */;
			proxyType = 1;
			remoteGlobalIDString = 89FBEE961DAA2FA4008FBB8A;
			remoteInfo = woproject;
		};
		89FBEEBF1DAA2FA5008FBB8A /* PBXContainerItemProxy */ = {
			isa = PBXContainerItemProxy;
			containerPortal = 89FBEE8F1DAA2FA4008FBB8A /* Project object */;
			proxyType = 1;
			remoteGlobalIDString = 89FBEE961DAA2FA4008FBB8A;
			remoteInfo = woproject;
		};
/* End PBXContainerItemProxy section */

/* Begin PBXFileReference section */
		58CA0F9B1DADCD0C00A569BC /* WoProjectHeader.pch */ = {isa = PBXFileReference; lastKnownFileType = sourcecode.c.h; path = WoProjectHeader.pch; sourceTree = "<group>"; };
		8981D1201DAB3BE200CF2426 /* SystemConfiguration.framework */ = {isa = PBXFileReference; lastKnownFileType = wrapper.framework; name = SystemConfiguration.framework; path = System/Library/Frameworks/SystemConfiguration.framework; sourceTree = SDKROOT; };
		8981D1221DAB3BED00CF2426 /* CoreLocation.framework */ = {isa = PBXFileReference; lastKnownFileType = wrapper.framework; name = CoreLocation.framework; path = System/Library/Frameworks/CoreLocation.framework; sourceTree = SDKROOT; };
		8981D1241DAB3BFF00CF2426 /* UIKit.framework */ = {isa = PBXFileReference; lastKnownFileType = wrapper.framework; name = UIKit.framework; path = System/Library/Frameworks/UIKit.framework; sourceTree = SDKROOT; };
		8981D1261DAB3C1300CF2426 /* Foundation.framework */ = {isa = PBXFileReference; lastKnownFileType = wrapper.framework; name = Foundation.framework; path = System/Library/Frameworks/Foundation.framework; sourceTree = SDKROOT; };
		8981D1281DAB3C1E00CF2426 /* CoreGraphics.framework */ = {isa = PBXFileReference; lastKnownFileType = wrapper.framework; name = CoreGraphics.framework; path = System/Library/Frameworks/CoreGraphics.framework; sourceTree = SDKROOT; };
		8981D12A1DAB3C9300CF2426 /* CommonUtility.h */ = {isa = PBXFileReference; fileEncoding = 4; lastKnownFileType = sourcecode.c.h; path = CommonUtility.h; sourceTree = "<group>"; };
		8981D12B1DAB3C9300CF2426 /* CommonUtility.m */ = {isa = PBXFileReference; fileEncoding = 4; lastKnownFileType = sourcecode.c.objc; path = CommonUtility.m; sourceTree = "<group>"; };
		8981D12D1DAB3CE200CF2426 /* LineDashPolyline.h */ = {isa = PBXFileReference; fileEncoding = 4; lastKnownFileType = sourcecode.c.h; path = LineDashPolyline.h; sourceTree = "<group>"; };
		8981D12E1DAB3CE200CF2426 /* LineDashPolyline.m */ = {isa = PBXFileReference; fileEncoding = 4; lastKnownFileType = sourcecode.c.objc; path = LineDashPolyline.m; sourceTree = "<group>"; };
		8981D1301DAB3D2000CF2426 /* JavaScriptCore.framework */ = {isa = PBXFileReference; lastKnownFileType = wrapper.framework; name = JavaScriptCore.framework; path = System/Library/Frameworks/JavaScriptCore.framework; sourceTree = SDKROOT; };
		8981D1561DAB81D700CF2426 /* BaseMapViewController.h */ = {isa = PBXFileReference; fileEncoding = 4; lastKnownFileType = sourcecode.c.h; path = BaseMapViewController.h; sourceTree = "<group>"; };
		8981D1571DAB81D700CF2426 /* BaseMapViewController.m */ = {isa = PBXFileReference; fileEncoding = 4; lastKnownFileType = sourcecode.c.objc; path = BaseMapViewController.m; sourceTree = "<group>"; };
		8981D1591DAB81F600CF2426 /* stdMapViewController.h */ = {isa = PBXFileReference; fileEncoding = 4; lastKnownFileType = sourcecode.c.h; path = stdMapViewController.h; sourceTree = "<group>"; };
		8981D15A1DAB81F600CF2426 /* stdMapViewController.m */ = {isa = PBXFileReference; fileEncoding = 4; lastKnownFileType = sourcecode.c.objc; path = stdMapViewController.m; sourceTree = "<group>"; };
		8981D15C1DAB8BD400CF2426 /* ReGeocodeAnnotation.h */ = {isa = PBXFileReference; fileEncoding = 4; lastKnownFileType = sourcecode.c.h; path = ReGeocodeAnnotation.h; sourceTree = "<group>"; };
		8981D15D1DAB8BD400CF2426 /* ReGeocodeAnnotation.m */ = {isa = PBXFileReference; fileEncoding = 4; lastKnownFileType = sourcecode.c.objc; path = ReGeocodeAnnotation.m; sourceTree = "<group>"; };
		8981D15F1DAB8C5900CF2426 /* AMap.bundle */ = {isa = PBXFileReference; lastKnownFileType = "wrapper.plug-in"; name = AMap.bundle; path = woproject/amap/AMap.bundle; sourceTree = "<group>"; };
		899C899F1DAD101A0073794E /* cancle.png */ = {isa = PBXFileReference; lastKnownFileType = image.png; path = cancle.png; sourceTree = "<group>"; };
		899C89A61DAD209F0073794E /* DOPDropDownMenu.h */ = {isa = PBXFileReference; fileEncoding = 4; lastKnownFileType = sourcecode.c.h; path = DOPDropDownMenu.h; sourceTree = "<group>"; };
		899C89A71DAD209F0073794E /* DOPDropDownMenu.m */ = {isa = PBXFileReference; fileEncoding = 4; lastKnownFileType = sourcecode.c.objc; path = DOPDropDownMenu.m; sourceTree = "<group>"; };
		899C89A81DAD209F0073794E /* icon_chose_arrow_nor@2x.png */ = {isa = PBXFileReference; lastKnownFileType = image.png; path = "icon_chose_arrow_nor@2x.png"; sourceTree = "<group>"; };
		899C89A91DAD209F0073794E /* icon_chose_arrow_sel@2x.png */ = {isa = PBXFileReference; lastKnownFileType = image.png; path = "icon_chose_arrow_sel@2x.png"; sourceTree = "<group>"; };
		899C89AA1DAD209F0073794E /* icon_chose_bottom@2x.png */ = {isa = PBXFileReference; lastKnownFileType = image.png; path = "icon_chose_bottom@2x.png"; sourceTree = "<group>"; };
		89EAA8BF1DAE03270043BE53 /* DownLoadBaseData.h */ = {isa = PBXFileReference; fileEncoding = 4; lastKnownFileType = sourcecode.c.h; path = DownLoadBaseData.h; sourceTree = "<group>"; };
		89EAA8C01DAE03270043BE53 /* DownLoadBaseData.m */ = {isa = PBXFileReference; fileEncoding = 4; lastKnownFileType = sourcecode.c.objc; path = DownLoadBaseData.m; sourceTree = "<group>"; };
		89EAA8C21DAE28490043BE53 /* ticketList.h */ = {isa = PBXFileReference; fileEncoding = 4; lastKnownFileType = sourcecode.c.h; path = ticketList.h; sourceTree = "<group>"; };
		89EAA8C31DAE28490043BE53 /* ticketList.m */ = {isa = PBXFileReference; fileEncoding = 4; lastKnownFileType = sourcecode.c.objc; path = ticketList.m; sourceTree = "<group>"; };
		89EAA8C61DAE2D870043BE53 /* ticketListTableViewCell.h */ = {isa = PBXFileReference; fileEncoding = 4; lastKnownFileType = sourcecode.c.h; path = ticketListTableViewCell.h; sourceTree = "<group>"; };
		89EAA8C71DAE2D870043BE53 /* ticketListTableViewCell.m */ = {isa = PBXFileReference; fileEncoding = 4; lastKnownFileType = sourcecode.c.objc; path = ticketListTableViewCell.m; sourceTree = "<group>"; };
		89EAA8C81DAE2D870043BE53 /* ticketListTableViewCell.xib */ = {isa = PBXFileReference; fileEncoding = 4; lastKnownFileType = file.xib; path = ticketListTableViewCell.xib; sourceTree = "<group>"; };
		89F3EA1F1DAB368700B6E54A /* AMapFoundationKit.framework */ = {isa = PBXFileReference; lastKnownFileType = wrapper.framework; path = AMapFoundationKit.framework; sourceTree = "<group>"; };
		89F3EA201DAB368700B6E54A /* MAMapKit.framework */ = {isa = PBXFileReference; lastKnownFileType = wrapper.framework; path = MAMapKit.framework; sourceTree = "<group>"; };
		89F3EA291DAB38EB00B6E54A /* AMapSearchKit.framework */ = {isa = PBXFileReference; lastKnownFileType = wrapper.framework; path = AMapSearchKit.framework; sourceTree = "<group>"; };
		89F3EA2B1DAB391E00B6E54A /* APIKey.h */ = {isa = PBXFileReference; fileEncoding = 4; lastKnownFileType = sourcecode.c.h; path = APIKey.h; sourceTree = "<group>"; };
		89F3EA2D1DAB3A8C00B6E54A /* ALView+PureLayout.h */ = {isa = PBXFileReference; fileEncoding = 4; lastKnownFileType = sourcecode.c.h; path = "ALView+PureLayout.h"; sourceTree = "<group>"; };
		89F3EA2E1DAB3A8C00B6E54A /* ALView+PureLayout.m */ = {isa = PBXFileReference; fileEncoding = 4; lastKnownFileType = sourcecode.c.objc; path = "ALView+PureLayout.m"; sourceTree = "<group>"; };
		89F3EA2F1DAB3A8C00B6E54A /* NSArray+PureLayout.h */ = {isa = PBXFileReference; fileEncoding = 4; lastKnownFileType = sourcecode.c.h; path = "NSArray+PureLayout.h"; sourceTree = "<group>"; };
		89F3EA301DAB3A8C00B6E54A /* NSArray+PureLayout.m */ = {isa = PBXFileReference; fileEncoding = 4; lastKnownFileType = sourcecode.c.objc; path = "NSArray+PureLayout.m"; sourceTree = "<group>"; };
		89F3EA311DAB3A8C00B6E54A /* NSLayoutConstraint+PureLayout.h */ = {isa = PBXFileReference; fileEncoding = 4; lastKnownFileType = sourcecode.c.h; path = "NSLayoutConstraint+PureLayout.h"; sourceTree = "<group>"; };
		89F3EA321DAB3A8C00B6E54A /* NSLayoutConstraint+PureLayout.m */ = {isa = PBXFileReference; fileEncoding = 4; lastKnownFileType = sourcecode.c.objc; path = "NSLayoutConstraint+PureLayout.m"; sourceTree = "<group>"; };
		89F3EA331DAB3A8C00B6E54A /* PureLayout+Internal.h */ = {isa = PBXFileReference; fileEncoding = 4; lastKnownFileType = sourcecode.c.h; path = "PureLayout+Internal.h"; sourceTree = "<group>"; };
		89F3EA341DAB3A8C00B6E54A /* PureLayout.h */ = {isa = PBXFileReference; fileEncoding = 4; lastKnownFileType = sourcecode.c.h; path = PureLayout.h; sourceTree = "<group>"; };
		89F3EA351DAB3A8C00B6E54A /* PureLayoutDefines.h */ = {isa = PBXFileReference; fileEncoding = 4; lastKnownFileType = sourcecode.c.h; path = PureLayoutDefines.h; sourceTree = "<group>"; };
		89F3EA391DAB3B0300B6E54A /* libc++.tbd */ = {isa = PBXFileReference; lastKnownFileType = "sourcecode.text-based-dylib-definition"; name = "libc++.tbd"; path = "usr/lib/libc++.tbd"; sourceTree = SDKROOT; };
		89F3EA3B1DAB3B1E00B6E54A /* libstdc++.6.0.9.tbd */ = {isa = PBXFileReference; lastKnownFileType = "sourcecode.text-based-dylib-definition"; name = "libstdc++.6.0.9.tbd"; path = "usr/lib/libstdc++.6.0.9.tbd"; sourceTree = SDKROOT; };
		89F3EA3D1DAB3B2D00B6E54A /* libz.tbd */ = {isa = PBXFileReference; lastKnownFileType = "sourcecode.text-based-dylib-definition"; name = libz.tbd; path = usr/lib/libz.tbd; sourceTree = SDKROOT; };
		89F3EA3F1DAB3B5C00B6E54A /* CoreTelephony.framework */ = {isa = PBXFileReference; lastKnownFileType = wrapper.framework; name = CoreTelephony.framework; path = System/Library/Frameworks/CoreTelephony.framework; sourceTree = SDKROOT; };
		89F3EA411DAB3B8E00B6E54A /* Security.framework */ = {isa = PBXFileReference; lastKnownFileType = wrapper.framework; name = Security.framework; path = System/Library/Frameworks/Security.framework; sourceTree = SDKROOT; };
		89F3EA431DAB3BA100B6E54A /* QuartzCore.framework */ = {isa = PBXFileReference; lastKnownFileType = wrapper.framework; name = QuartzCore.framework; path = System/Library/Frameworks/QuartzCore.framework; sourceTree = SDKROOT; };
		89F61DFB1DACAB5B00E9B489 /* CHART@3x.png */ = {isa = PBXFileReference; lastKnownFileType = image.png; path = "CHART@3x.png"; sourceTree = "<group>"; };
		89F61DFC1DACAB5B00E9B489 /* Color-Fill.png */ = {isa = PBXFileReference; lastKnownFileType = image.png; path = "Color-Fill.png"; sourceTree = "<group>"; };
		89F61DFD1DACAB5B00E9B489 /* Color-Fill@2x.png */ = {isa = PBXFileReference; lastKnownFileType = image.png; path = "Color-Fill@2x.png"; sourceTree = "<group>"; };
		89F61DFE1DACAB5B00E9B489 /* Color-Fill@3x.png */ = {isa = PBXFileReference; lastKnownFileType = image.png; path = "Color-Fill@3x.png"; sourceTree = "<group>"; };
		89F61DFF1DACAB5B00E9B489 /* FOLDER-OK.png */ = {isa = PBXFileReference; lastKnownFileType = image.png; path = "FOLDER-OK.png"; sourceTree = "<group>"; };
		89F61E001DACAB5B00E9B489 /* FOLDER-OK@2x.png */ = {isa = PBXFileReference; lastKnownFileType = image.png; path = "FOLDER-OK@2x.png"; sourceTree = "<group>"; };
		89F61E011DACAB5B00E9B489 /* FOLDER-OK@3x.png */ = {isa = PBXFileReference; lastKnownFileType = image.png; path = "FOLDER-OK@3x.png"; sourceTree = "<group>"; };
		89F61E021DACAB5B00E9B489 /* home.png */ = {isa = PBXFileReference; lastKnownFileType = image.png; path = home.png; sourceTree = "<group>"; };
		89F61E031DACAB5B00E9B489 /* home@2x.png */ = {isa = PBXFileReference; lastKnownFileType = image.png; path = "home@2x.png"; sourceTree = "<group>"; };
		89F61E041DACAB5B00E9B489 /* home@3x.png */ = {isa = PBXFileReference; lastKnownFileType = image.png; path = "home@3x.png"; sourceTree = "<group>"; };
		89F61E051DACAB5B00E9B489 /* kshsj_icon01.png */ = {isa = PBXFileReference; lastKnownFileType = image.png; path = kshsj_icon01.png; sourceTree = "<group>"; };
		89F61E061DACAB5B00E9B489 /* kshsj_icon01@2x.png */ = {isa = PBXFileReference; lastKnownFileType = image.png; path = "kshsj_icon01@2x.png"; sourceTree = "<group>"; };
		89F61E071DACAB5B00E9B489 /* kshsj_icon01@3x.png */ = {isa = PBXFileReference; lastKnownFileType = image.png; path = "kshsj_icon01@3x.png"; sourceTree = "<group>"; };
		89F61E081DACAB5B00E9B489 /* kshsj_icon02.png */ = {isa = PBXFileReference; lastKnownFileType = image.png; path = kshsj_icon02.png; sourceTree = "<group>"; };
		89F61E091DACAB5B00E9B489 /* kshsj_icon02@2x.png */ = {isa = PBXFileReference; lastKnownFileType = image.png; path = "kshsj_icon02@2x.png"; sourceTree = "<group>"; };
		89F61E0A1DACAB5B00E9B489 /* kshsj_icon02@3x.png */ = {isa = PBXFileReference; lastKnownFileType = image.png; path = "kshsj_icon02@3x.png"; sourceTree = "<group>"; };
		89F61E0B1DACAB5B00E9B489 /* kshsj_icon03.png */ = {isa = PBXFileReference; lastKnownFileType = image.png; path = kshsj_icon03.png; sourceTree = "<group>"; };
		89F61E0C1DACAB5B00E9B489 /* kshsj_icon03@2x.png */ = {isa = PBXFileReference; lastKnownFileType = image.png; path = "kshsj_icon03@2x.png"; sourceTree = "<group>"; };
		89F61E0D1DACAB5B00E9B489 /* kshsj_icon03@3x.png */ = {isa = PBXFileReference; lastKnownFileType = image.png; path = "kshsj_icon03@3x.png"; sourceTree = "<group>"; };
		89F61E0E1DACAB5B00E9B489 /* kshsj_icon04.png */ = {isa = PBXFileReference; lastKnownFileType = image.png; path = kshsj_icon04.png; sourceTree = "<group>"; };
		89F61E0F1DACAB5B00E9B489 /* kshsj_icon04@2x.png */ = {isa = PBXFileReference; lastKnownFileType = image.png; path = "kshsj_icon04@2x.png"; sourceTree = "<group>"; };
		89F61E101DACAB5B00E9B489 /* kshsj_icon04@3x.png */ = {isa = PBXFileReference; lastKnownFileType = image.png; path = "kshsj_icon04@3x.png"; sourceTree = "<group>"; };
		89F61E111DACAB5B00E9B489 /* kshsj_icon05.png */ = {isa = PBXFileReference; lastKnownFileType = image.png; path = kshsj_icon05.png; sourceTree = "<group>"; };
		89F61E121DACAB5B00E9B489 /* kshsj_icon05@2x.png */ = {isa = PBXFileReference; lastKnownFileType = image.png; path = "kshsj_icon05@2x.png"; sourceTree = "<group>"; };
		89F61E131DACAB5B00E9B489 /* kshsj_icon05@3x.png */ = {isa = PBXFileReference; lastKnownFileType = image.png; path = "kshsj_icon05@3x.png"; sourceTree = "<group>"; };
		89F61E141DACAB5B00E9B489 /* login_bg.png */ = {isa = PBXFileReference; lastKnownFileType = image.png; path = login_bg.png; sourceTree = "<group>"; };
		89F61E151DACAB5B00E9B489 /* login_bg@2x.png */ = {isa = PBXFileReference; lastKnownFileType = image.png; path = "login_bg@2x.png"; sourceTree = "<group>"; };
		89F61E161DACAB5B00E9B489 /* login_bg@3x.png */ = {isa = PBXFileReference; lastKnownFileType = image.png; path = "login_bg@3x.png"; sourceTree = "<group>"; };
		89F61E171DACAB5B00E9B489 /* login_icon.png */ = {isa = PBXFileReference; lastKnownFileType = image.png; path = login_icon.png; sourceTree = "<group>"; };
		89F61E181DACAB5B00E9B489 /* login_icon@2x.png */ = {isa = PBXFileReference; lastKnownFileType = image.png; path = "login_icon@2x.png"; sourceTree = "<group>"; };
		89F61E191DACAB5B00E9B489 /* login_icon@3x.png */ = {isa = PBXFileReference; lastKnownFileType = image.png; path = "login_icon@3x.png"; sourceTree = "<group>"; };
		89F61E1A1DACAB5B00E9B489 /* male.png */ = {isa = PBXFileReference; lastKnownFileType = image.png; path = male.png; sourceTree = "<group>"; };
		89F61E1B1DACAB5B00E9B489 /* male@2x.png */ = {isa = PBXFileReference; lastKnownFileType = image.png; path = "male@2x.png"; sourceTree = "<group>"; };
		89F61E1C1DACAB5B00E9B489 /* male@3x.png */ = {isa = PBXFileReference; lastKnownFileType = image.png; path = "male@3x.png"; sourceTree = "<group>"; };
		89F61E1D1DACAB5B00E9B489 /* NOTEPAD-OK.png */ = {isa = PBXFileReference; lastKnownFileType = image.png; path = "NOTEPAD-OK.png"; sourceTree = "<group>"; };
		89F61E1E1DACAB5B00E9B489 /* NOTEPAD-OK@2x.png */ = {isa = PBXFileReference; lastKnownFileType = image.png; path = "NOTEPAD-OK@2x.png"; sourceTree = "<group>"; };
		89F61E1F1DACAB5B00E9B489 /* NOTEPAD-OK@3x.png */ = {isa = PBXFileReference; lastKnownFileType = image.png; path = "NOTEPAD-OK@3x.png"; sourceTree = "<group>"; };
		89F61E201DACAB5B00E9B489 /* PIN-ZOOM-IN.png */ = {isa = PBXFileReference; lastKnownFileType = image.png; path = "PIN-ZOOM-IN.png"; sourceTree = "<group>"; };
		89F61E211DACAB5B00E9B489 /* PIN-ZOOM-IN@2x.png */ = {isa = PBXFileReference; lastKnownFileType = image.png; path = "PIN-ZOOM-IN@2x.png"; sourceTree = "<group>"; };
		89F61E221DACAB5B00E9B489 /* PIN-ZOOM-IN@3x.png */ = {isa = PBXFileReference; lastKnownFileType = image.png; path = "PIN-ZOOM-IN@3x.png"; sourceTree = "<group>"; };
		89F61E231DACAB5B00E9B489 /* USER-OK.png */ = {isa = PBXFileReference; lastKnownFileType = image.png; path = "USER-OK.png"; sourceTree = "<group>"; };
		89F61E241DACAB5B00E9B489 /* USER-OK@2x.png */ = {isa = PBXFileReference; lastKnownFileType = image.png; path = "USER-OK@2x.png"; sourceTree = "<group>"; };
		89F61E251DACAB5B00E9B489 /* USER-OK@3x.png */ = {isa = PBXFileReference; lastKnownFileType = image.png; path = "USER-OK@3x.png"; sourceTree = "<group>"; };
		89F61E261DACAB5B00E9B489 /* USERS.png */ = {isa = PBXFileReference; lastKnownFileType = image.png; path = USERS.png; sourceTree = "<group>"; };
		89F61E271DACAB5B00E9B489 /* USERS@2x.png */ = {isa = PBXFileReference; lastKnownFileType = image.png; path = "USERS@2x.png"; sourceTree = "<group>"; };
		89F61E281DACAB5B00E9B489 /* USERS@3x.png */ = {isa = PBXFileReference; lastKnownFileType = image.png; path = "USERS@3x.png"; sourceTree = "<group>"; };
		89F61E291DACAB5B00E9B489 /* wd_icon01.png */ = {isa = PBXFileReference; lastKnownFileType = image.png; path = wd_icon01.png; sourceTree = "<group>"; };
		89F61E2A1DACAB5B00E9B489 /* wd_icon01@2x.png */ = {isa = PBXFileReference; lastKnownFileType = image.png; path = "wd_icon01@2x.png"; sourceTree = "<group>"; };
		89F61E2B1DACAB5B00E9B489 /* wd_icon01@3x.png */ = {isa = PBXFileReference; lastKnownFileType = image.png; path = "wd_icon01@3x.png"; sourceTree = "<group>"; };
		89F61E2C1DACAB5B00E9B489 /* wd_icon02.png */ = {isa = PBXFileReference; lastKnownFileType = image.png; path = wd_icon02.png; sourceTree = "<group>"; };
		89F61E2D1DACAB5B00E9B489 /* wd_icon02@2x.png */ = {isa = PBXFileReference; lastKnownFileType = image.png; path = "wd_icon02@2x.png"; sourceTree = "<group>"; };
		89F61E2E1DACAB5B00E9B489 /* wd_icon02@3x.png */ = {isa = PBXFileReference; lastKnownFileType = image.png; path = "wd_icon02@3x.png"; sourceTree = "<group>"; };
		89F61E2F1DACAB5B00E9B489 /* wd_icon03.png */ = {isa = PBXFileReference; lastKnownFileType = image.png; path = wd_icon03.png; sourceTree = "<group>"; };
		89F61E301DACAB5B00E9B489 /* wd_icon03@2x.png */ = {isa = PBXFileReference; lastKnownFileType = image.png; path = "wd_icon03@2x.png"; sourceTree = "<group>"; };
		89F61E311DACAB5B00E9B489 /* wd_icon03@3x.png */ = {isa = PBXFileReference; lastKnownFileType = image.png; path = "wd_icon03@3x.png"; sourceTree = "<group>"; };
		89F61E321DACAB5B00E9B489 /* wd_icon04.png */ = {isa = PBXFileReference; lastKnownFileType = image.png; path = wd_icon04.png; sourceTree = "<group>"; };
		89F61E331DACAB5B00E9B489 /* wd_icon04@2x.png */ = {isa = PBXFileReference; lastKnownFileType = image.png; path = "wd_icon04@2x.png"; sourceTree = "<group>"; };
		89F61E341DACAB5B00E9B489 /* wd_icon04@3x.png */ = {isa = PBXFileReference; lastKnownFileType = image.png; path = "wd_icon04@3x.png"; sourceTree = "<group>"; };
		89F61E6F1DACABCE00E9B489 /* CHART.png */ = {isa = PBXFileReference; lastKnownFileType = image.png; path = CHART.png; sourceTree = "<group>"; };
		89F61E701DACABCE00E9B489 /* CHART@2x.png */ = {isa = PBXFileReference; lastKnownFileType = image.png; path = "CHART@2x.png"; sourceTree = "<group>"; };
		89F61E731DACB79600E9B489 /* hh_login01.png */ = {isa = PBXFileReference; lastKnownFileType = image.png; path = hh_login01.png; sourceTree = "<group>"; };
		89F61E741DACB79600E9B489 /* hh_login02.png */ = {isa = PBXFileReference; lastKnownFileType = image.png; path = hh_login02.png; sourceTree = "<group>"; };
		89F61E771DACBBAE00E9B489 /* checkbox_off.png */ = {isa = PBXFileReference; lastKnownFileType = image.png; path = checkbox_off.png; sourceTree = "<group>"; };
		89F61E781DACBBAE00E9B489 /* checkbox_on.png */ = {isa = PBXFileReference; lastKnownFileType = image.png; path = checkbox_on.png; sourceTree = "<group>"; };
		89F61E7B1DACC2AE00E9B489 /* login02.png */ = {isa = PBXFileReference; lastKnownFileType = image.png; path = login02.png; sourceTree = "<group>"; };
		89F61E7D1DACC2D300E9B489 /* bar_back.png */ = {isa = PBXFileReference; lastKnownFileType = image.png; path = bar_back.png; sourceTree = "<group>"; };
		89F61E7F1DACCF4500E9B489 /* AnimatedAnnotationView.h */ = {isa = PBXFileReference; fileEncoding = 4; lastKnownFileType = sourcecode.c.h; path = AnimatedAnnotationView.h; sourceTree = "<group>"; };
		89F61E801DACCF4500E9B489 /* AnimatedAnnotationView.m */ = {isa = PBXFileReference; fileEncoding = 4; lastKnownFileType = sourcecode.c.objc; path = AnimatedAnnotationView.m; sourceTree = "<group>"; };
		89F61E821DACCF9900E9B489 /* AnimatedAnnotation.h */ = {isa = PBXFileReference; fileEncoding = 4; lastKnownFileType = sourcecode.c.h; path = AnimatedAnnotation.h; sourceTree = "<group>"; };
		89F61E831DACCF9900E9B489 /* AnimatedAnnotation.m */ = {isa = PBXFileReference; fileEncoding = 4; lastKnownFileType = sourcecode.c.objc; path = AnimatedAnnotation.m; sourceTree = "<group>"; };
		89F61E8B1DACE0B000E9B489 /* signInfo.h */ = {isa = PBXFileReference; fileEncoding = 4; lastKnownFileType = sourcecode.c.h; path = signInfo.h; sourceTree = "<group>"; };
		89F61E8C1DACE0B000E9B489 /* signInfo.m */ = {isa = PBXFileReference; fileEncoding = 4; lastKnownFileType = sourcecode.c.objc; path = signInfo.m; sourceTree = "<group>"; };
		89FB40691DAF1A7500E95134 /* YjgdViewController.h */ = {isa = PBXFileReference; fileEncoding = 4; lastKnownFileType = sourcecode.c.h; path = YjgdViewController.h; sourceTree = "<group>"; };
		89FB406A1DAF1A7500E95134 /* YjgdViewController.m */ = {isa = PBXFileReference; fileEncoding = 4; lastKnownFileType = sourcecode.c.objc; path = YjgdViewController.m; sourceTree = "<group>"; };
		89FB406C1DAF1AE600E95134 /* ZhiDViewController.h */ = {isa = PBXFileReference; fileEncoding = 4; lastKnownFileType = sourcecode.c.h; path = ZhiDViewController.h; sourceTree = "<group>"; };
		89FB406D1DAF1AE600E95134 /* ZhiDViewController.m */ = {isa = PBXFileReference; fileEncoding = 4; lastKnownFileType = sourcecode.c.objc; path = ZhiDViewController.m; sourceTree = "<group>"; };
		89FB406F1DAF223900E95134 /* GggdViewController.h */ = {isa = PBXFileReference; fileEncoding = 4; lastKnownFileType = sourcecode.c.h; path = GggdViewController.h; sourceTree = "<group>"; };
		89FB40701DAF223900E95134 /* GggdViewController.m */ = {isa = PBXFileReference; fileEncoding = 4; lastKnownFileType = sourcecode.c.objc; path = GggdViewController.m; sourceTree = "<group>"; };
		89FB40721DAF271C00E95134 /* PaidanViewController.h */ = {isa = PBXFileReference; fileEncoding = 4; lastKnownFileType = sourcecode.c.h; path = PaidanViewController.h; sourceTree = "<group>"; };
		89FB40731DAF271C00E95134 /* PaidanViewController.m */ = {isa = PBXFileReference; fileEncoding = 4; lastKnownFileType = sourcecode.c.objc; path = PaidanViewController.m; sourceTree = "<group>"; };
		89FB40761DAF34C000E95134 /* ticketInfoViewController.h */ = {isa = PBXFileReference; fileEncoding = 4; lastKnownFileType = sourcecode.c.h; path = ticketInfoViewController.h; sourceTree = "<group>"; };
		89FB40771DAF34C000E95134 /* ticketInfoViewController.m */ = {isa = PBXFileReference; fileEncoding = 4; lastKnownFileType = sourcecode.c.objc; path = ticketInfoViewController.m; sourceTree = "<group>"; };
		89FB40791DAF616B00E95134 /* ticketInfo.h */ = {isa = PBXFileReference; fileEncoding = 4; lastKnownFileType = sourcecode.c.h; path = ticketInfo.h; sourceTree = "<group>"; };
		89FB407A1DAF616B00E95134 /* ticketInfo.m */ = {isa = PBXFileReference; fileEncoding = 4; lastKnownFileType = sourcecode.c.objc; path = ticketInfo.m; sourceTree = "<group>"; };
		89FB407C1DAF618800E95134 /* ticketFlowInfo.h */ = {isa = PBXFileReference; fileEncoding = 4; lastKnownFileType = sourcecode.c.h; path = ticketFlowInfo.h; sourceTree = "<group>"; };
		89FB407D1DAF618800E95134 /* ticketFlowInfo.m */ = {isa = PBXFileReference; fileEncoding = 4; lastKnownFileType = sourcecode.c.objc; path = ticketFlowInfo.m; sourceTree = "<group>"; };
		89FB40851DAF850000E95134 /* baoxiuInfoView.h */ = {isa = PBXFileReference; fileEncoding = 4; lastKnownFileType = sourcecode.c.h; path = baoxiuInfoView.h; sourceTree = "<group>"; };
		89FB40861DAF850000E95134 /* baoxiuInfoView.m */ = {isa = PBXFileReference; fileEncoding = 4; lastKnownFileType = sourcecode.c.objc; path = baoxiuInfoView.m; sourceTree = "<group>"; };
		89FBEE971DAA2FA4008FBB8A /* woproject.app */ = {isa = PBXFileReference; explicitFileType = wrapper.application; includeInIndex = 0; path = woproject.app; sourceTree = BUILT_PRODUCTS_DIR; };
		89FBEE9B1DAA2FA4008FBB8A /* main.m */ = {isa = PBXFileReference; lastKnownFileType = sourcecode.c.objc; path = main.m; sourceTree = "<group>"; };
		89FBEE9D1DAA2FA4008FBB8A /* AppDelegate.h */ = {isa = PBXFileReference; lastKnownFileType = sourcecode.c.h; path = AppDelegate.h; sourceTree = "<group>"; };
		89FBEE9E1DAA2FA4008FBB8A /* AppDelegate.m */ = {isa = PBXFileReference; lastKnownFileType = sourcecode.c.objc; path = AppDelegate.m; sourceTree = "<group>"; };
		89FBEEA01DAA2FA5008FBB8A /* ViewController.h */ = {isa = PBXFileReference; lastKnownFileType = sourcecode.c.h; path = ViewController.h; sourceTree = "<group>"; };
		89FBEEA11DAA2FA5008FBB8A /* ViewController.m */ = {isa = PBXFileReference; lastKnownFileType = sourcecode.c.objc; path = ViewController.m; sourceTree = "<group>"; };
		89FBEEA71DAA2FA5008FBB8A /* woproject.xcdatamodel */ = {isa = PBXFileReference; lastKnownFileType = wrapper.xcdatamodel; path = woproject.xcdatamodel; sourceTree = "<group>"; };
		89FBEEA91DAA2FA5008FBB8A /* Assets.xcassets */ = {isa = PBXFileReference; lastKnownFileType = folder.assetcatalog; path = Assets.xcassets; sourceTree = "<group>"; };
		89FBEEAE1DAA2FA5008FBB8A /* Info.plist */ = {isa = PBXFileReference; lastKnownFileType = text.plist.xml; path = Info.plist; sourceTree = "<group>"; };
		89FBEEB31DAA2FA5008FBB8A /* woprojectTests.xctest */ = {isa = PBXFileReference; explicitFileType = wrapper.cfbundle; includeInIndex = 0; path = woprojectTests.xctest; sourceTree = BUILT_PRODUCTS_DIR; };
		89FBEEB71DAA2FA5008FBB8A /* woprojectTests.m */ = {isa = PBXFileReference; lastKnownFileType = sourcecode.c.objc; path = woprojectTests.m; sourceTree = "<group>"; };
		89FBEEB91DAA2FA5008FBB8A /* Info.plist */ = {isa = PBXFileReference; lastKnownFileType = text.plist.xml; path = Info.plist; sourceTree = "<group>"; };
		89FBEEBE1DAA2FA5008FBB8A /* woprojectUITests.xctest */ = {isa = PBXFileReference; explicitFileType = wrapper.cfbundle; includeInIndex = 0; path = woprojectUITests.xctest; sourceTree = BUILT_PRODUCTS_DIR; };
		89FBEEC21DAA2FA5008FBB8A /* woprojectUITests.m */ = {isa = PBXFileReference; lastKnownFileType = sourcecode.c.objc; path = woprojectUITests.m; sourceTree = "<group>"; };
		89FBEEC41DAA2FA5008FBB8A /* Info.plist */ = {isa = PBXFileReference; lastKnownFileType = text.plist.xml; path = Info.plist; sourceTree = "<group>"; };
		89FBEED31DAA35A9008FBB8A /* StdRootController.h */ = {isa = PBXFileReference; fileEncoding = 4; lastKnownFileType = sourcecode.c.h; path = StdRootController.h; sourceTree = "<group>"; };
		89FBEED41DAA35A9008FBB8A /* StdRootController.m */ = {isa = PBXFileReference; fileEncoding = 4; lastKnownFileType = sourcecode.c.objc; path = StdRootController.m; sourceTree = "<group>"; };
		89FBEED61DAA3660008FBB8A /* HomeViewController.h */ = {isa = PBXFileReference; fileEncoding = 4; lastKnownFileType = sourcecode.c.h; path = HomeViewController.h; sourceTree = "<group>"; };
		89FBEED71DAA3660008FBB8A /* HomeViewController.m */ = {isa = PBXFileReference; fileEncoding = 4; lastKnownFileType = sourcecode.c.objc; path = HomeViewController.m; sourceTree = "<group>"; };
		89FBEEDC1DAA3681008FBB8A /* RepairViewController.h */ = {isa = PBXFileReference; fileEncoding = 4; lastKnownFileType = sourcecode.c.h; path = RepairViewController.h; sourceTree = "<group>"; };
		89FBEEDD1DAA3681008FBB8A /* RepairViewController.m */ = {isa = PBXFileReference; fileEncoding = 4; lastKnownFileType = sourcecode.c.objc; path = RepairViewController.m; sourceTree = "<group>"; };
		89FBEEDF1DAA3690008FBB8A /* MyinfoViewController.h */ = {isa = PBXFileReference; fileEncoding = 4; lastKnownFileType = sourcecode.c.h; path = MyinfoViewController.h; sourceTree = "<group>"; };
		89FBEEE01DAA3690008FBB8A /* MyinfoViewController.m */ = {isa = PBXFileReference; fileEncoding = 4; lastKnownFileType = sourcecode.c.objc; path = MyinfoViewController.m; sourceTree = "<group>"; };
		89FBEEE21DAA3710008FBB8A /* PublicDefine.h */ = {isa = PBXFileReference; fileEncoding = 4; lastKnownFileType = sourcecode.c.h; path = PublicDefine.h; sourceTree = "<group>"; };
		89FBEF391DAA4131008FBB8A /* loginInfo.h */ = {isa = PBXFileReference; fileEncoding = 4; lastKnownFileType = sourcecode.c.h; path = loginInfo.h; sourceTree = "<group>"; };
		89FBEF3A1DAA4131008FBB8A /* loginInfo.m */ = {isa = PBXFileReference; fileEncoding = 4; lastKnownFileType = sourcecode.c.objc; path = loginInfo.m; sourceTree = "<group>"; };
		89FBEF3C1DAA41DD008FBB8A /* LoginViewController.h */ = {isa = PBXFileReference; fileEncoding = 4; lastKnownFileType = sourcecode.c.h; path = LoginViewController.h; sourceTree = "<group>"; };
		89FBEF3D1DAA41DD008FBB8A /* LoginViewController.m */ = {isa = PBXFileReference; fileEncoding = 4; lastKnownFileType = sourcecode.c.objc; path = LoginViewController.m; sourceTree = "<group>"; };
		89FBEF451DAA4297008FBB8A /* NullSafe.m */ = {isa = PBXFileReference; fileEncoding = 4; lastKnownFileType = sourcecode.c.objc; path = NullSafe.m; sourceTree = "<group>"; };
		89FBEF461DAA4297008FBB8A /* stdCallBtn.h */ = {isa = PBXFileReference; fileEncoding = 4; lastKnownFileType = sourcecode.c.h; path = stdCallBtn.h; sourceTree = "<group>"; };
		89FBEF471DAA4297008FBB8A /* stdCallBtn.m */ = {isa = PBXFileReference; fileEncoding = 4; lastKnownFileType = sourcecode.c.objc; path = stdCallBtn.m; sourceTree = "<group>"; };
		89FBEF481DAA4297008FBB8A /* stdCellVc.h */ = {isa = PBXFileReference; fileEncoding = 4; lastKnownFileType = sourcecode.c.h; path = stdCellVc.h; sourceTree = "<group>"; };
		89FBEF491DAA4297008FBB8A /* stdCellVc.m */ = {isa = PBXFileReference; fileEncoding = 4; lastKnownFileType = sourcecode.c.objc; path = stdCellVc.m; sourceTree = "<group>"; };
		89FBEF4A1DAA4297008FBB8A /* stdImgBtn.h */ = {isa = PBXFileReference; fileEncoding = 4; lastKnownFileType = sourcecode.c.h; path = stdImgBtn.h; sourceTree = "<group>"; };
		89FBEF4B1DAA4297008FBB8A /* stdImgBtn.m */ = {isa = PBXFileReference; fileEncoding = 4; lastKnownFileType = sourcecode.c.objc; path = stdImgBtn.m; sourceTree = "<group>"; };
		89FBEF4C1DAA4297008FBB8A /* stdPubFunc.h */ = {isa = PBXFileReference; fileEncoding = 4; lastKnownFileType = sourcecode.c.h; path = stdPubFunc.h; sourceTree = "<group>"; };
		89FBEF4D1DAA4297008FBB8A /* stdPubFunc.m */ = {isa = PBXFileReference; fileEncoding = 4; lastKnownFileType = sourcecode.c.objc; path = stdPubFunc.m; sourceTree = "<group>"; };
		89FBEF4E1DAA4297008FBB8A /* stdTextField.h */ = {isa = PBXFileReference; fileEncoding = 4; lastKnownFileType = sourcecode.c.h; path = stdTextField.h; sourceTree = "<group>"; };
		89FBEF4F1DAA4297008FBB8A /* stdTextField.m */ = {isa = PBXFileReference; fileEncoding = 4; lastKnownFileType = sourcecode.c.objc; path = stdTextField.m; sourceTree = "<group>"; };
		89FBEF501DAA4297008FBB8A /* StdUploadFileApi.h */ = {isa = PBXFileReference; fileEncoding = 4; lastKnownFileType = sourcecode.c.h; path = StdUploadFileApi.h; sourceTree = "<group>"; };
		89FBEF511DAA4297008FBB8A /* StdUploadFileApi.m */ = {isa = PBXFileReference; fileEncoding = 4; lastKnownFileType = sourcecode.c.objc; path = StdUploadFileApi.m; sourceTree = "<group>"; };
		89FBEF5B1DAA47F6008FBB8A /* deptList.h */ = {isa = PBXFileReference; fileEncoding = 4; lastKnownFileType = sourcecode.c.h; path = deptList.h; sourceTree = "<group>"; };
		89FBEF5C1DAA47F6008FBB8A /* deptList.m */ = {isa = PBXFileReference; fileEncoding = 4; lastKnownFileType = sourcecode.c.objc; path = deptList.m; sourceTree = "<group>"; };
		89FBEF5E1DAA48DE008FBB8A /* projectList.h */ = {isa = PBXFileReference; fileEncoding = 4; lastKnownFileType = sourcecode.c.h; path = projectList.h; sourceTree = "<group>"; };
		89FBEF5F1DAA48DE008FBB8A /* projectList.m */ = {isa = PBXFileReference; fileEncoding = 4; lastKnownFileType = sourcecode.c.objc; path = projectList.m; sourceTree = "<group>"; };
		89FBEF611DAA4939008FBB8A /* roleList.h */ = {isa = PBXFileReference; fileEncoding = 4; lastKnownFileType = sourcecode.c.h; path = roleList.h; sourceTree = "<group>"; };
		89FBEF621DAA4939008FBB8A /* roleList.m */ = {isa = PBXFileReference; fileEncoding = 4; lastKnownFileType = sourcecode.c.objc; path = roleList.m; sourceTree = "<group>"; };
		959E4E9F5722937136D7203E /* Pods_woproject.framework */ = {isa = PBXFileReference; explicitFileType = wrapper.framework; includeInIndex = 0; path = Pods_woproject.framework; sourceTree = BUILT_PRODUCTS_DIR; };
		AB2F1D5B769B71815D9962D6 /* Pods-woproject.debug.xcconfig */ = {isa = PBXFileReference; includeInIndex = 1; lastKnownFileType = text.xcconfig; name = "Pods-woproject.debug.xcconfig"; path = "Pods/Target Support Files/Pods-woproject/Pods-woproject.debug.xcconfig"; sourceTree = "<group>"; };
		F35C9632D00B9E99247289CE /* Pods-woproject.release.xcconfig */ = {isa = PBXFileReference; includeInIndex = 1; lastKnownFileType = text.xcconfig; name = "Pods-woproject.release.xcconfig"; path = "Pods/Target Support Files/Pods-woproject/Pods-woproject.release.xcconfig"; sourceTree = "<group>"; };
/* End PBXFileReference section */

/* Begin PBXFrameworksBuildPhase section */
		89FBEE941DAA2FA4008FBB8A /* Frameworks */ = {
			isa = PBXFrameworksBuildPhase;
			buildActionMask = 2147483647;
			files = (
				8981D1311DAB3D2000CF2426 /* JavaScriptCore.framework in Frameworks */,
				8981D1291DAB3C1E00CF2426 /* CoreGraphics.framework in Frameworks */,
				8981D1271DAB3C1300CF2426 /* Foundation.framework in Frameworks */,
				8981D1251DAB3BFF00CF2426 /* UIKit.framework in Frameworks */,
				8981D1231DAB3BED00CF2426 /* CoreLocation.framework in Frameworks */,
				8981D1211DAB3BE200CF2426 /* SystemConfiguration.framework in Frameworks */,
				89F3EA441DAB3BA100B6E54A /* QuartzCore.framework in Frameworks */,
				89F3EA421DAB3B8E00B6E54A /* Security.framework in Frameworks */,
				89F3EA401DAB3B5C00B6E54A /* CoreTelephony.framework in Frameworks */,
				89F3EA3E1DAB3B2D00B6E54A /* libz.tbd in Frameworks */,
				89F3EA3C1DAB3B1E00B6E54A /* libstdc++.6.0.9.tbd in Frameworks */,
				89F3EA3A1DAB3B0300B6E54A /* libc++.tbd in Frameworks */,
				89F3EA2A1DAB38EB00B6E54A /* AMapSearchKit.framework in Frameworks */,
				89F3EA221DAB368700B6E54A /* MAMapKit.framework in Frameworks */,
				E62192DA2787100A03DF67B3 /* Pods_woproject.framework in Frameworks */,
				89F3EA211DAB368700B6E54A /* AMapFoundationKit.framework in Frameworks */,
			);
			runOnlyForDeploymentPostprocessing = 0;
		};
		89FBEEB01DAA2FA5008FBB8A /* Frameworks */ = {
			isa = PBXFrameworksBuildPhase;
			buildActionMask = 2147483647;
			files = (
			);
			runOnlyForDeploymentPostprocessing = 0;
		};
		89FBEEBB1DAA2FA5008FBB8A /* Frameworks */ = {
			isa = PBXFrameworksBuildPhase;
			buildActionMask = 2147483647;
			files = (
			);
			runOnlyForDeploymentPostprocessing = 0;
		};
/* End PBXFrameworksBuildPhase section */

/* Begin PBXGroup section */
		3FEB881D60C1E7F30FB83228 /* Pods */ = {
			isa = PBXGroup;
			children = (
				AB2F1D5B769B71815D9962D6 /* Pods-woproject.debug.xcconfig */,
				F35C9632D00B9E99247289CE /* Pods-woproject.release.xcconfig */,
			);
			name = Pods;
			sourceTree = "<group>";
		};
		899C89A51DAD209F0073794E /* DOPDropDownMen */ = {
			isa = PBXGroup;
			children = (
				899C89A61DAD209F0073794E /* DOPDropDownMenu.h */,
				899C89A71DAD209F0073794E /* DOPDropDownMenu.m */,
				899C89A81DAD209F0073794E /* icon_chose_arrow_nor@2x.png */,
				899C89A91DAD209F0073794E /* icon_chose_arrow_sel@2x.png */,
				899C89AA1DAD209F0073794E /* icon_chose_bottom@2x.png */,
			);
			path = DOPDropDownMen;
			sourceTree = "<group>";
		};
		89EAA8C51DAE2D5C0043BE53 /* view */ = {
			isa = PBXGroup;
			children = (
				89FB40851DAF850000E95134 /* baoxiuInfoView.h */,
				89FB40861DAF850000E95134 /* baoxiuInfoView.m */,
				89EAA8C61DAE2D870043BE53 /* ticketListTableViewCell.h */,
				89EAA8C71DAE2D870043BE53 /* ticketListTableViewCell.m */,
				89EAA8C81DAE2D870043BE53 /* ticketListTableViewCell.xib */,
			);
			path = view;
			sourceTree = "<group>";
		};
		89F3EA1D1DAB307500B6E54A /* kaoqin */ = {
			isa = PBXGroup;
			children = (
				89F61E821DACCF9900E9B489 /* AnimatedAnnotation.h */,
				89F61E831DACCF9900E9B489 /* AnimatedAnnotation.m */,
				89F61E7F1DACCF4500E9B489 /* AnimatedAnnotationView.h */,
				89F61E801DACCF4500E9B489 /* AnimatedAnnotationView.m */,
				8981D15C1DAB8BD400CF2426 /* ReGeocodeAnnotation.h */,
				8981D15D1DAB8BD400CF2426 /* ReGeocodeAnnotation.m */,
				8981D1561DAB81D700CF2426 /* BaseMapViewController.h */,
				8981D1571DAB81D700CF2426 /* BaseMapViewController.m */,
				89F3EA2C1DAB3A8C00B6E54A /* PureLayout */,
				8981D12D1DAB3CE200CF2426 /* LineDashPolyline.h */,
				8981D12E1DAB3CE200CF2426 /* LineDashPolyline.m */,
				8981D12A1DAB3C9300CF2426 /* CommonUtility.h */,
				8981D12B1DAB3C9300CF2426 /* CommonUtility.m */,
				89F3EA2B1DAB391E00B6E54A /* APIKey.h */,
				8981D1591DAB81F600CF2426 /* stdMapViewController.h */,
				8981D15A1DAB81F600CF2426 /* stdMapViewController.m */,
			);
			path = kaoqin;
			sourceTree = "<group>";
		};
		89F3EA1E1DAB368700B6E54A /* amap */ = {
			isa = PBXGroup;
			children = (
				89F3EA291DAB38EB00B6E54A /* AMapSearchKit.framework */,
				89F3EA1F1DAB368700B6E54A /* AMapFoundationKit.framework */,
				89F3EA201DAB368700B6E54A /* MAMapKit.framework */,
			);
			name = amap;
			path = woproject/amap;
			sourceTree = "<group>";
		};
		89F3EA2C1DAB3A8C00B6E54A /* PureLayout */ = {
			isa = PBXGroup;
			children = (
				89F3EA2D1DAB3A8C00B6E54A /* ALView+PureLayout.h */,
				89F3EA2E1DAB3A8C00B6E54A /* ALView+PureLayout.m */,
				89F3EA2F1DAB3A8C00B6E54A /* NSArray+PureLayout.h */,
				89F3EA301DAB3A8C00B6E54A /* NSArray+PureLayout.m */,
				89F3EA311DAB3A8C00B6E54A /* NSLayoutConstraint+PureLayout.h */,
				89F3EA321DAB3A8C00B6E54A /* NSLayoutConstraint+PureLayout.m */,
				89F3EA331DAB3A8C00B6E54A /* PureLayout+Internal.h */,
				89F3EA341DAB3A8C00B6E54A /* PureLayout.h */,
				89F3EA351DAB3A8C00B6E54A /* PureLayoutDefines.h */,
			);
			path = PureLayout;
			sourceTree = "<group>";
		};
		89FB40681DAF1A7500E95134 /* tickeList */ = {
			isa = PBXGroup;
			children = (
				89FB40691DAF1A7500E95134 /* YjgdViewController.h */,
				89FB406A1DAF1A7500E95134 /* YjgdViewController.m */,
				89FB406C1DAF1AE600E95134 /* ZhiDViewController.h */,
				89FB406D1DAF1AE600E95134 /* ZhiDViewController.m */,
				89FB406F1DAF223900E95134 /* GggdViewController.h */,
				89FB40701DAF223900E95134 /* GggdViewController.m */,
				89FB40721DAF271C00E95134 /* PaidanViewController.h */,
				89FB40731DAF271C00E95134 /* PaidanViewController.m */,
			);
			path = tickeList;
			sourceTree = "<group>";
		};
		89FB40751DAF33C700E95134 /* ticketDetail */ = {
			isa = PBXGroup;
			children = (
				89FB40761DAF34C000E95134 /* ticketInfoViewController.h */,
				89FB40771DAF34C000E95134 /* ticketInfoViewController.m */,
			);
			path = ticketDetail;
			sourceTree = "<group>";
		};
		89FBEE8E1DAA2FA4008FBB8A = {
			isa = PBXGroup;
			children = (
				8981D15F1DAB8C5900CF2426 /* AMap.bundle */,
				89FBEE991DAA2FA4008FBB8A /* woproject */,
				89FBEEB61DAA2FA5008FBB8A /* woprojectTests */,
				89FBEEC11DAA2FA5008FBB8A /* woprojectUITests */,
				89FBEE981DAA2FA4008FBB8A /* Products */,
				3FEB881D60C1E7F30FB83228 /* Pods */,
				C5376C6AA89FF65EAAFC7D78 /* Frameworks */,
			);
			sourceTree = "<group>";
		};
		89FBEE981DAA2FA4008FBB8A /* Products */ = {
			isa = PBXGroup;
			children = (
				89FBEE971DAA2FA4008FBB8A /* woproject.app */,
				89FBEEB31DAA2FA5008FBB8A /* woprojectTests.xctest */,
				89FBEEBE1DAA2FA5008FBB8A /* woprojectUITests.xctest */,
			);
			name = Products;
			sourceTree = "<group>";
		};
		89FBEE991DAA2FA4008FBB8A /* woproject */ = {
			isa = PBXGroup;
			children = (
				89EAA8C51DAE2D5C0043BE53 /* view */,
				899C89A51DAD209F0073794E /* DOPDropDownMen */,
				89FBEF3F1DAA4297008FBB8A /* stdPackect */,
				89FBEF381DAA4131008FBB8A /* model */,
				89FBEED21DAA35A9008FBB8A /* controller */,
				89FBEEE21DAA3710008FBB8A /* PublicDefine.h */,
				89FBEE9D1DAA2FA4008FBB8A /* AppDelegate.h */,
				89FBEE9E1DAA2FA4008FBB8A /* AppDelegate.m */,
				89FBEEA01DAA2FA5008FBB8A /* ViewController.h */,
				89FBEEA11DAA2FA5008FBB8A /* ViewController.m */,
				58CA0F9B1DADCD0C00A569BC /* WoProjectHeader.pch */,
				89FBEEA91DAA2FA5008FBB8A /* Assets.xcassets */,
				89FBEEAE1DAA2FA5008FBB8A /* Info.plist */,
				89FBEEA61DAA2FA5008FBB8A /* woproject.xcdatamodeld */,
				89FBEE9A1DAA2FA4008FBB8A /* Supporting Files */,
			);
			path = woproject;
			sourceTree = "<group>";
		};
		89FBEE9A1DAA2FA4008FBB8A /* Supporting Files */ = {
			isa = PBXGroup;
			children = (
				89FBEEE31DAA3CD5008FBB8A /* image */,
				89FBEE9B1DAA2FA4008FBB8A /* main.m */,
			);
			name = "Supporting Files";
			sourceTree = "<group>";
		};
		89FBEEB61DAA2FA5008FBB8A /* woprojectTests */ = {
			isa = PBXGroup;
			children = (
				89FBEEB71DAA2FA5008FBB8A /* woprojectTests.m */,
				89FBEEB91DAA2FA5008FBB8A /* Info.plist */,
			);
			path = woprojectTests;
			sourceTree = "<group>";
		};
		89FBEEC11DAA2FA5008FBB8A /* woprojectUITests */ = {
			isa = PBXGroup;
			children = (
				89FBEEC21DAA2FA5008FBB8A /* woprojectUITests.m */,
				89FBEEC41DAA2FA5008FBB8A /* Info.plist */,
			);
			path = woprojectUITests;
			sourceTree = "<group>";
		};
		89FBEED21DAA35A9008FBB8A /* controller */ = {
			isa = PBXGroup;
			children = (
				89FB40751DAF33C700E95134 /* ticketDetail */,
				89FB40681DAF1A7500E95134 /* tickeList */,
				89F3EA1D1DAB307500B6E54A /* kaoqin */,
				89FBEF341DAA4078008FBB8A /* login */,
				89FBEED31DAA35A9008FBB8A /* StdRootController.h */,
				89FBEED41DAA35A9008FBB8A /* StdRootController.m */,
				89FBEED61DAA3660008FBB8A /* HomeViewController.h */,
				89FBEED71DAA3660008FBB8A /* HomeViewController.m */,
				89FBEEDC1DAA3681008FBB8A /* RepairViewController.h */,
				89FBEEDD1DAA3681008FBB8A /* RepairViewController.m */,
				89FBEEDF1DAA3690008FBB8A /* MyinfoViewController.h */,
				89FBEEE01DAA3690008FBB8A /* MyinfoViewController.m */,
				89EAA8BF1DAE03270043BE53 /* DownLoadBaseData.h */,
				89EAA8C01DAE03270043BE53 /* DownLoadBaseData.m */,
			);
			path = controller;
			sourceTree = "<group>";
		};
		89FBEEE31DAA3CD5008FBB8A /* image */ = {
			isa = PBXGroup;
			children = (
				899C899F1DAD101A0073794E /* cancle.png */,
				89F61E7D1DACC2D300E9B489 /* bar_back.png */,
				89F61E7B1DACC2AE00E9B489 /* login02.png */,
				89F61E771DACBBAE00E9B489 /* checkbox_off.png */,
				89F61E781DACBBAE00E9B489 /* checkbox_on.png */,
				89F61E731DACB79600E9B489 /* hh_login01.png */,
				89F61E741DACB79600E9B489 /* hh_login02.png */,
				89F61E6F1DACABCE00E9B489 /* CHART.png */,
				89F61E701DACABCE00E9B489 /* CHART@2x.png */,
				89F61DFB1DACAB5B00E9B489 /* CHART@3x.png */,
				89F61DFC1DACAB5B00E9B489 /* Color-Fill.png */,
				89F61DFD1DACAB5B00E9B489 /* Color-Fill@2x.png */,
				89F61DFE1DACAB5B00E9B489 /* Color-Fill@3x.png */,
				89F61DFF1DACAB5B00E9B489 /* FOLDER-OK.png */,
				89F61E001DACAB5B00E9B489 /* FOLDER-OK@2x.png */,
				89F61E011DACAB5B00E9B489 /* FOLDER-OK@3x.png */,
				89F61E021DACAB5B00E9B489 /* home.png */,
				89F61E031DACAB5B00E9B489 /* home@2x.png */,
				89F61E041DACAB5B00E9B489 /* home@3x.png */,
				89F61E051DACAB5B00E9B489 /* kshsj_icon01.png */,
				89F61E061DACAB5B00E9B489 /* kshsj_icon01@2x.png */,
				89F61E071DACAB5B00E9B489 /* kshsj_icon01@3x.png */,
				89F61E081DACAB5B00E9B489 /* kshsj_icon02.png */,
				89F61E091DACAB5B00E9B489 /* kshsj_icon02@2x.png */,
				89F61E0A1DACAB5B00E9B489 /* kshsj_icon02@3x.png */,
				89F61E0B1DACAB5B00E9B489 /* kshsj_icon03.png */,
				89F61E0C1DACAB5B00E9B489 /* kshsj_icon03@2x.png */,
				89F61E0D1DACAB5B00E9B489 /* kshsj_icon03@3x.png */,
				89F61E0E1DACAB5B00E9B489 /* kshsj_icon04.png */,
				89F61E0F1DACAB5B00E9B489 /* kshsj_icon04@2x.png */,
				89F61E101DACAB5B00E9B489 /* kshsj_icon04@3x.png */,
				89F61E111DACAB5B00E9B489 /* kshsj_icon05.png */,
				89F61E121DACAB5B00E9B489 /* kshsj_icon05@2x.png */,
				89F61E131DACAB5B00E9B489 /* kshsj_icon05@3x.png */,
				89F61E141DACAB5B00E9B489 /* login_bg.png */,
				89F61E151DACAB5B00E9B489 /* login_bg@2x.png */,
				89F61E161DACAB5B00E9B489 /* login_bg@3x.png */,
				89F61E171DACAB5B00E9B489 /* login_icon.png */,
				89F61E181DACAB5B00E9B489 /* login_icon@2x.png */,
				89F61E191DACAB5B00E9B489 /* login_icon@3x.png */,
				89F61E1A1DACAB5B00E9B489 /* male.png */,
				89F61E1B1DACAB5B00E9B489 /* male@2x.png */,
				89F61E1C1DACAB5B00E9B489 /* male@3x.png */,
				89F61E1D1DACAB5B00E9B489 /* NOTEPAD-OK.png */,
				89F61E1E1DACAB5B00E9B489 /* NOTEPAD-OK@2x.png */,
				89F61E1F1DACAB5B00E9B489 /* NOTEPAD-OK@3x.png */,
				89F61E201DACAB5B00E9B489 /* PIN-ZOOM-IN.png */,
				89F61E211DACAB5B00E9B489 /* PIN-ZOOM-IN@2x.png */,
				89F61E221DACAB5B00E9B489 /* PIN-ZOOM-IN@3x.png */,
				89F61E231DACAB5B00E9B489 /* USER-OK.png */,
				89F61E241DACAB5B00E9B489 /* USER-OK@2x.png */,
				89F61E251DACAB5B00E9B489 /* USER-OK@3x.png */,
				89F61E261DACAB5B00E9B489 /* USERS.png */,
				89F61E271DACAB5B00E9B489 /* USERS@2x.png */,
				89F61E281DACAB5B00E9B489 /* USERS@3x.png */,
				89F61E291DACAB5B00E9B489 /* wd_icon01.png */,
				89F61E2A1DACAB5B00E9B489 /* wd_icon01@2x.png */,
				89F61E2B1DACAB5B00E9B489 /* wd_icon01@3x.png */,
				89F61E2C1DACAB5B00E9B489 /* wd_icon02.png */,
				89F61E2D1DACAB5B00E9B489 /* wd_icon02@2x.png */,
				89F61E2E1DACAB5B00E9B489 /* wd_icon02@3x.png */,
				89F61E2F1DACAB5B00E9B489 /* wd_icon03.png */,
				89F61E301DACAB5B00E9B489 /* wd_icon03@2x.png */,
				89F61E311DACAB5B00E9B489 /* wd_icon03@3x.png */,
				89F61E321DACAB5B00E9B489 /* wd_icon04.png */,
				89F61E331DACAB5B00E9B489 /* wd_icon04@2x.png */,
				89F61E341DACAB5B00E9B489 /* wd_icon04@3x.png */,
			);
			path = image;
			sourceTree = "<group>";
		};
		89FBEF341DAA4078008FBB8A /* login */ = {
			isa = PBXGroup;
			children = (
				89FBEF3C1DAA41DD008FBB8A /* LoginViewController.h */,
				89FBEF3D1DAA41DD008FBB8A /* LoginViewController.m */,
			);
			path = login;
			sourceTree = "<group>";
		};
		89FBEF381DAA4131008FBB8A /* model */ = {
			isa = PBXGroup;
			children = (
				89FBEF391DAA4131008FBB8A /* loginInfo.h */,
				89FBEF3A1DAA4131008FBB8A /* loginInfo.m */,
				89FBEF5B1DAA47F6008FBB8A /* deptList.h */,
				89FBEF5C1DAA47F6008FBB8A /* deptList.m */,
				89FBEF5E1DAA48DE008FBB8A /* projectList.h */,
				89FBEF5F1DAA48DE008FBB8A /* projectList.m */,
				89FBEF611DAA4939008FBB8A /* roleList.h */,
				89FBEF621DAA4939008FBB8A /* roleList.m */,
				89F61E8B1DACE0B000E9B489 /* signInfo.h */,
				89F61E8C1DACE0B000E9B489 /* signInfo.m */,
				89EAA8C21DAE28490043BE53 /* ticketList.h */,
				89EAA8C31DAE28490043BE53 /* ticketList.m */,
				89FB40791DAF616B00E95134 /* ticketInfo.h */,
				89FB407A1DAF616B00E95134 /* ticketInfo.m */,
				89FB407C1DAF618800E95134 /* ticketFlowInfo.h */,
				89FB407D1DAF618800E95134 /* ticketFlowInfo.m */,
			);
			path = model;
			sourceTree = "<group>";
		};
		89FBEF3F1DAA4297008FBB8A /* stdPackect */ = {
			isa = PBXGroup;
			children = (
				89FBEF451DAA4297008FBB8A /* NullSafe.m */,
				89FBEF461DAA4297008FBB8A /* stdCallBtn.h */,
				89FBEF471DAA4297008FBB8A /* stdCallBtn.m */,
				89FBEF481DAA4297008FBB8A /* stdCellVc.h */,
				89FBEF491DAA4297008FBB8A /* stdCellVc.m */,
				89FBEF4A1DAA4297008FBB8A /* stdImgBtn.h */,
				89FBEF4B1DAA4297008FBB8A /* stdImgBtn.m */,
				89FBEF4C1DAA4297008FBB8A /* stdPubFunc.h */,
				89FBEF4D1DAA4297008FBB8A /* stdPubFunc.m */,
				89FBEF4E1DAA4297008FBB8A /* stdTextField.h */,
				89FBEF4F1DAA4297008FBB8A /* stdTextField.m */,
				89FBEF501DAA4297008FBB8A /* StdUploadFileApi.h */,
				89FBEF511DAA4297008FBB8A /* StdUploadFileApi.m */,
			);
			path = stdPackect;
			sourceTree = "<group>";
		};
		C5376C6AA89FF65EAAFC7D78 /* Frameworks */ = {
			isa = PBXGroup;
			children = (
				8981D1301DAB3D2000CF2426 /* JavaScriptCore.framework */,
				8981D1281DAB3C1E00CF2426 /* CoreGraphics.framework */,
				8981D1261DAB3C1300CF2426 /* Foundation.framework */,
				8981D1241DAB3BFF00CF2426 /* UIKit.framework */,
				8981D1221DAB3BED00CF2426 /* CoreLocation.framework */,
				8981D1201DAB3BE200CF2426 /* SystemConfiguration.framework */,
				89F3EA431DAB3BA100B6E54A /* QuartzCore.framework */,
				89F3EA411DAB3B8E00B6E54A /* Security.framework */,
				89F3EA3F1DAB3B5C00B6E54A /* CoreTelephony.framework */,
				89F3EA3D1DAB3B2D00B6E54A /* libz.tbd */,
				89F3EA3B1DAB3B1E00B6E54A /* libstdc++.6.0.9.tbd */,
				89F3EA391DAB3B0300B6E54A /* libc++.tbd */,
				89F3EA1E1DAB368700B6E54A /* amap */,
				959E4E9F5722937136D7203E /* Pods_woproject.framework */,
			);
			name = Frameworks;
			sourceTree = "<group>";
		};
/* End PBXGroup section */

/* Begin PBXNativeTarget section */
		89FBEE961DAA2FA4008FBB8A /* woproject */ = {
			isa = PBXNativeTarget;
			buildConfigurationList = 89FBEEC71DAA2FA5008FBB8A /* Build configuration list for PBXNativeTarget "woproject" */;
			buildPhases = (
				162C22AC5C63798D12CE199B /* [CP] Check Pods Manifest.lock */,
				89FBEE931DAA2FA4008FBB8A /* Sources */,
				89FBEE941DAA2FA4008FBB8A /* Frameworks */,
				89FBEE951DAA2FA4008FBB8A /* Resources */,
				501FBDFEF6A88FBBCB43BA84 /* [CP] Embed Pods Frameworks */,
				65F913950A20DD52CF80F36C /* [CP] Copy Pods Resources */,
			);
			buildRules = (
			);
			dependencies = (
			);
			name = woproject;
			productName = woproject;
			productReference = 89FBEE971DAA2FA4008FBB8A /* woproject.app */;
			productType = "com.apple.product-type.application";
		};
		89FBEEB21DAA2FA5008FBB8A /* woprojectTests */ = {
			isa = PBXNativeTarget;
			buildConfigurationList = 89FBEECA1DAA2FA5008FBB8A /* Build configuration list for PBXNativeTarget "woprojectTests" */;
			buildPhases = (
				89FBEEAF1DAA2FA5008FBB8A /* Sources */,
				89FBEEB01DAA2FA5008FBB8A /* Frameworks */,
				89FBEEB11DAA2FA5008FBB8A /* Resources */,
			);
			buildRules = (
			);
			dependencies = (
				89FBEEB51DAA2FA5008FBB8A /* PBXTargetDependency */,
			);
			name = woprojectTests;
			productName = woprojectTests;
			productReference = 89FBEEB31DAA2FA5008FBB8A /* woprojectTests.xctest */;
			productType = "com.apple.product-type.bundle.unit-test";
		};
		89FBEEBD1DAA2FA5008FBB8A /* woprojectUITests */ = {
			isa = PBXNativeTarget;
			buildConfigurationList = 89FBEECD1DAA2FA5008FBB8A /* Build configuration list for PBXNativeTarget "woprojectUITests" */;
			buildPhases = (
				89FBEEBA1DAA2FA5008FBB8A /* Sources */,
				89FBEEBB1DAA2FA5008FBB8A /* Frameworks */,
				89FBEEBC1DAA2FA5008FBB8A /* Resources */,
			);
			buildRules = (
			);
			dependencies = (
				89FBEEC01DAA2FA5008FBB8A /* PBXTargetDependency */,
			);
			name = woprojectUITests;
			productName = woprojectUITests;
			productReference = 89FBEEBE1DAA2FA5008FBB8A /* woprojectUITests.xctest */;
			productType = "com.apple.product-type.bundle.ui-testing";
		};
/* End PBXNativeTarget section */

/* Begin PBXProject section */
		89FBEE8F1DAA2FA4008FBB8A /* Project object */ = {
			isa = PBXProject;
			attributes = {
				LastUpgradeCheck = 0730;
				ORGANIZATIONNAME = "tianan-apple";
				TargetAttributes = {
					89FBEE961DAA2FA4008FBB8A = {
						CreatedOnToolsVersion = 7.3.1;
					};
					89FBEEB21DAA2FA5008FBB8A = {
						CreatedOnToolsVersion = 7.3.1;
						TestTargetID = 89FBEE961DAA2FA4008FBB8A;
					};
					89FBEEBD1DAA2FA5008FBB8A = {
						CreatedOnToolsVersion = 7.3.1;
						TestTargetID = 89FBEE961DAA2FA4008FBB8A;
					};
				};
			};
			buildConfigurationList = 89FBEE921DAA2FA4008FBB8A /* Build configuration list for PBXProject "woproject" */;
			compatibilityVersion = "Xcode 3.2";
			developmentRegion = English;
			hasScannedForEncodings = 0;
			knownRegions = (
				en,
				Base,
			);
			mainGroup = 89FBEE8E1DAA2FA4008FBB8A;
			productRefGroup = 89FBEE981DAA2FA4008FBB8A /* Products */;
			projectDirPath = "";
			projectRoot = "";
			targets = (
				89FBEE961DAA2FA4008FBB8A /* woproject */,
				89FBEEB21DAA2FA5008FBB8A /* woprojectTests */,
				89FBEEBD1DAA2FA5008FBB8A /* woprojectUITests */,
			);
		};
/* End PBXProject section */

/* Begin PBXResourcesBuildPhase section */
		89FBEE951DAA2FA4008FBB8A /* Resources */ = {
			isa = PBXResourcesBuildPhase;
			buildActionMask = 2147483647;
			files = (
				89F61E581DACAB5B00E9B489 /* NOTEPAD-OK@2x.png in Resources */,
				89F61E631DACAB5B00E9B489 /* wd_icon01.png in Resources */,
				89F61E6B1DACAB5B00E9B489 /* wd_icon03@3x.png in Resources */,
				899C89AE1DAD209F0073794E /* icon_chose_bottom@2x.png in Resources */,
				89F61E4A1DACAB5B00E9B489 /* kshsj_icon04@3x.png in Resources */,
				89F61E421DACAB5B00E9B489 /* kshsj_icon02.png in Resources */,
				899C89A01DAD101A0073794E /* cancle.png in Resources */,
				89F61E3A1DACAB5B00E9B489 /* FOLDER-OK@2x.png in Resources */,
				89F61E431DACAB5B00E9B489 /* kshsj_icon02@2x.png in Resources */,
				89F61E6D1DACAB5B00E9B489 /* wd_icon04@2x.png in Resources */,
				89F61E3F1DACAB5B00E9B489 /* kshsj_icon01.png in Resources */,
				89F61E6E1DACAB5B00E9B489 /* wd_icon04@3x.png in Resources */,
				89F61E361DACAB5B00E9B489 /* Color-Fill.png in Resources */,
				89F61E7C1DACC2AE00E9B489 /* login02.png in Resources */,
				89F61E5C1DACAB5B00E9B489 /* PIN-ZOOM-IN@3x.png in Resources */,
				89F61E3E1DACAB5B00E9B489 /* home@3x.png in Resources */,
				89F61E461DACAB5B00E9B489 /* kshsj_icon03@2x.png in Resources */,
				89F61E501DACAB5B00E9B489 /* login_bg@3x.png in Resources */,
				89F61E6C1DACAB5B00E9B489 /* wd_icon04.png in Resources */,
				89F61E351DACAB5B00E9B489 /* CHART@3x.png in Resources */,
				89F61E591DACAB5B00E9B489 /* NOTEPAD-OK@3x.png in Resources */,
				89F61E5B1DACAB5B00E9B489 /* PIN-ZOOM-IN@2x.png in Resources */,
				89F61E541DACAB5B00E9B489 /* male.png in Resources */,
				89F61E691DACAB5B00E9B489 /* wd_icon03.png in Resources */,
				89F61E651DACAB5B00E9B489 /* wd_icon01@3x.png in Resources */,
				89F61E671DACAB5B00E9B489 /* wd_icon02@2x.png in Resources */,
				89F61E7E1DACC2D300E9B489 /* bar_back.png in Resources */,
				89F61E661DACAB5B00E9B489 /* wd_icon02.png in Resources */,
				89F61E5D1DACAB5B00E9B489 /* USER-OK.png in Resources */,
				8981D1601DAB8C5900CF2426 /* AMap.bundle in Resources */,
				89F61E711DACABCE00E9B489 /* CHART.png in Resources */,
				89F61E571DACAB5B00E9B489 /* NOTEPAD-OK.png in Resources */,
				89F61E4C1DACAB5B00E9B489 /* kshsj_icon05@2x.png in Resources */,
				89FBEEAA1DAA2FA5008FBB8A /* Assets.xcassets in Resources */,
				89F61E3B1DACAB5B00E9B489 /* FOLDER-OK@3x.png in Resources */,
				89F61E5E1DACAB5B00E9B489 /* USER-OK@2x.png in Resources */,
				89EAA8CA1DAE2D870043BE53 /* ticketListTableViewCell.xib in Resources */,
				89F61E3C1DACAB5B00E9B489 /* home.png in Resources */,
				89F61E791DACBBAE00E9B489 /* checkbox_off.png in Resources */,
				89F61E721DACABCE00E9B489 /* CHART@2x.png in Resources */,
				89F61E521DACAB5B00E9B489 /* login_icon@2x.png in Resources */,
				89F61E481DACAB5B00E9B489 /* kshsj_icon04.png in Resources */,
				89F61E751DACB79600E9B489 /* hh_login01.png in Resources */,
				89F61E391DACAB5B00E9B489 /* FOLDER-OK.png in Resources */,
				89F61E4E1DACAB5B00E9B489 /* login_bg.png in Resources */,
				89F61E5A1DACAB5B00E9B489 /* PIN-ZOOM-IN.png in Resources */,
				89F61E601DACAB5B00E9B489 /* USERS.png in Resources */,
				89F61E561DACAB5B00E9B489 /* male@3x.png in Resources */,
				89F61E441DACAB5B00E9B489 /* kshsj_icon02@3x.png in Resources */,
				89F61E761DACB79600E9B489 /* hh_login02.png in Resources */,
				89F61E551DACAB5B00E9B489 /* male@2x.png in Resources */,
				89F61E531DACAB5B00E9B489 /* login_icon@3x.png in Resources */,
				89F61E381DACAB5B00E9B489 /* Color-Fill@3x.png in Resources */,
				89F61E491DACAB5B00E9B489 /* kshsj_icon04@2x.png in Resources */,
				899C89AC1DAD209F0073794E /* icon_chose_arrow_nor@2x.png in Resources */,
				89F61E681DACAB5B00E9B489 /* wd_icon02@3x.png in Resources */,
				89F61E4D1DACAB5B00E9B489 /* kshsj_icon05@3x.png in Resources */,
				89F61E4B1DACAB5B00E9B489 /* kshsj_icon05.png in Resources */,
				89F61E6A1DACAB5B00E9B489 /* wd_icon03@2x.png in Resources */,
				899C89AD1DAD209F0073794E /* icon_chose_arrow_sel@2x.png in Resources */,
				89F61E471DACAB5B00E9B489 /* kshsj_icon03@3x.png in Resources */,
				89F61E511DACAB5B00E9B489 /* login_icon.png in Resources */,
				89F61E371DACAB5B00E9B489 /* Color-Fill@2x.png in Resources */,
				89F61E451DACAB5B00E9B489 /* kshsj_icon03.png in Resources */,
				89F61E401DACAB5B00E9B489 /* kshsj_icon01@2x.png in Resources */,
				89F61E611DACAB5B00E9B489 /* USERS@2x.png in Resources */,
				89F61E3D1DACAB5B00E9B489 /* home@2x.png in Resources */,
				89F61E621DACAB5B00E9B489 /* USERS@3x.png in Resources */,
				89F61E7A1DACBBAE00E9B489 /* checkbox_on.png in Resources */,
				89F61E4F1DACAB5B00E9B489 /* login_bg@2x.png in Resources */,
				89F61E641DACAB5B00E9B489 /* wd_icon01@2x.png in Resources */,
				89F61E411DACAB5B00E9B489 /* kshsj_icon01@3x.png in Resources */,
				89F61E5F1DACAB5B00E9B489 /* USER-OK@3x.png in Resources */,
			);
			runOnlyForDeploymentPostprocessing = 0;
		};
		89FBEEB11DAA2FA5008FBB8A /* Resources */ = {
			isa = PBXResourcesBuildPhase;
			buildActionMask = 2147483647;
			files = (
			);
			runOnlyForDeploymentPostprocessing = 0;
		};
		89FBEEBC1DAA2FA5008FBB8A /* Resources */ = {
			isa = PBXResourcesBuildPhase;
			buildActionMask = 2147483647;
			files = (
			);
			runOnlyForDeploymentPostprocessing = 0;
		};
/* End PBXResourcesBuildPhase section */

/* Begin PBXShellScriptBuildPhase section */
		162C22AC5C63798D12CE199B /* [CP] Check Pods Manifest.lock */ = {
			isa = PBXShellScriptBuildPhase;
			buildActionMask = 2147483647;
			files = (
			);
			inputPaths = (
			);
			name = "[CP] Check Pods Manifest.lock";
			outputPaths = (
			);
			runOnlyForDeploymentPostprocessing = 0;
			shellPath = /bin/sh;
			shellScript = "diff \"${PODS_ROOT}/../Podfile.lock\" \"${PODS_ROOT}/Manifest.lock\" > /dev/null\nif [[ $? != 0 ]] ; then\n    cat << EOM\nerror: The sandbox is not in sync with the Podfile.lock. Run 'pod install' or update your CocoaPods installation.\nEOM\n    exit 1\nfi\n";
			showEnvVarsInLog = 0;
		};
		501FBDFEF6A88FBBCB43BA84 /* [CP] Embed Pods Frameworks */ = {
			isa = PBXShellScriptBuildPhase;
			buildActionMask = 2147483647;
			files = (
			);
			inputPaths = (
			);
			name = "[CP] Embed Pods Frameworks";
			outputPaths = (
			);
			runOnlyForDeploymentPostprocessing = 0;
			shellPath = /bin/sh;
			shellScript = "\"${SRCROOT}/Pods/Target Support Files/Pods-woproject/Pods-woproject-frameworks.sh\"\n";
			showEnvVarsInLog = 0;
		};
		65F913950A20DD52CF80F36C /* [CP] Copy Pods Resources */ = {
			isa = PBXShellScriptBuildPhase;
			buildActionMask = 2147483647;
			files = (
			);
			inputPaths = (
			);
			name = "[CP] Copy Pods Resources";
			outputPaths = (
			);
			runOnlyForDeploymentPostprocessing = 0;
			shellPath = /bin/sh;
			shellScript = "\"${SRCROOT}/Pods/Target Support Files/Pods-woproject/Pods-woproject-resources.sh\"\n";
			showEnvVarsInLog = 0;
		};
/* End PBXShellScriptBuildPhase section */

/* Begin PBXSourcesBuildPhase section */
		89FBEE931DAA2FA4008FBB8A /* Sources */ = {
			isa = PBXSourcesBuildPhase;
			buildActionMask = 2147483647;
			files = (
				89FBEF5A1DAA4297008FBB8A /* StdUploadFileApi.m in Sources */,
				89F61E8D1DACE0B000E9B489 /* signInfo.m in Sources */,
				89FBEF561DAA4297008FBB8A /* stdCellVc.m in Sources */,
				89FBEEA21DAA2FA5008FBB8A /* ViewController.m in Sources */,
				89EAA8C41DAE28490043BE53 /* ticketList.m in Sources */,
				89F3EA361DAB3A8C00B6E54A /* ALView+PureLayout.m in Sources */,
				89FBEF571DAA4297008FBB8A /* stdImgBtn.m in Sources */,
				8981D15B1DAB81F600CF2426 /* stdMapViewController.m in Sources */,
				89FBEE9F1DAA2FA4008FBB8A /* AppDelegate.m in Sources */,
				89F61E811DACCF4500E9B489 /* AnimatedAnnotationView.m in Sources */,
				89FB40741DAF271C00E95134 /* PaidanViewController.m in Sources */,
				899C89AB1DAD209F0073794E /* DOPDropDownMenu.m in Sources */,
				89FBEF631DAA4939008FBB8A /* roleList.m in Sources */,
				89FBEEE11DAA3690008FBB8A /* MyinfoViewController.m in Sources */,
				89FBEF581DAA4297008FBB8A /* stdPubFunc.m in Sources */,
				89FBEF3B1DAA4131008FBB8A /* loginInfo.m in Sources */,
				8981D12F1DAB3CE200CF2426 /* LineDashPolyline.m in Sources */,
				89F61E841DACCF9900E9B489 /* AnimatedAnnotation.m in Sources */,
				89FBEF591DAA4297008FBB8A /* stdTextField.m in Sources */,
				89FB406E1DAF1AE600E95134 /* ZhiDViewController.m in Sources */,
				89FBEF3E1DAA41DD008FBB8A /* LoginViewController.m in Sources */,
				89FBEED51DAA35A9008FBB8A /* StdRootController.m in Sources */,
				89FB40711DAF223900E95134 /* GggdViewController.m in Sources */,
				89FB406B1DAF1A7500E95134 /* YjgdViewController.m in Sources */,
				8981D1581DAB81D700CF2426 /* BaseMapViewController.m in Sources */,
				89FB40871DAF850000E95134 /* baoxiuInfoView.m in Sources */,
				89FBEF551DAA4297008FBB8A /* stdCallBtn.m in Sources */,
				89EAA8C91DAE2D870043BE53 /* ticketListTableViewCell.m in Sources */,
				89EAA8C11DAE03270043BE53 /* DownLoadBaseData.m in Sources */,
				89FB40781DAF34C000E95134 /* ticketInfoViewController.m in Sources */,
				89FBEF541DAA4297008FBB8A /* NullSafe.m in Sources */,
				89FBEEDE1DAA3681008FBB8A /* RepairViewController.m in Sources */,
				89FBEF601DAA48DE008FBB8A /* projectList.m in Sources */,
				89FB407B1DAF616B00E95134 /* ticketInfo.m in Sources */,
				89FB407E1DAF618800E95134 /* ticketFlowInfo.m in Sources */,
				89FBEE9C1DAA2FA4008FBB8A /* main.m in Sources */,
				8981D15E1DAB8BD400CF2426 /* ReGeocodeAnnotation.m in Sources */,
				89FBEEA81DAA2FA5008FBB8A /* woproject.xcdatamodeld in Sources */,
				89F3EA381DAB3A8C00B6E54A /* NSLayoutConstraint+PureLayout.m in Sources */,
				89FBEF5D1DAA47F6008FBB8A /* deptList.m in Sources */,
				89F3EA371DAB3A8C00B6E54A /* NSArray+PureLayout.m in Sources */,
				89FBEED81DAA3660008FBB8A /* HomeViewController.m in Sources */,
				8981D12C1DAB3C9300CF2426 /* CommonUtility.m in Sources */,
			);
			runOnlyForDeploymentPostprocessing = 0;
		};
		89FBEEAF1DAA2FA5008FBB8A /* Sources */ = {
			isa = PBXSourcesBuildPhase;
			buildActionMask = 2147483647;
			files = (
				89FBEEB81DAA2FA5008FBB8A /* woprojectTests.m in Sources */,
			);
			runOnlyForDeploymentPostprocessing = 0;
		};
		89FBEEBA1DAA2FA5008FBB8A /* Sources */ = {
			isa = PBXSourcesBuildPhase;
			buildActionMask = 2147483647;
			files = (
				89FBEEC31DAA2FA5008FBB8A /* woprojectUITests.m in Sources */,
			);
			runOnlyForDeploymentPostprocessing = 0;
		};
/* End PBXSourcesBuildPhase section */

/* Begin PBXTargetDependency section */
		89FBEEB51DAA2FA5008FBB8A /* PBXTargetDependency */ = {
			isa = PBXTargetDependency;
			target = 89FBEE961DAA2FA4008FBB8A /* woproject */;
			targetProxy = 89FBEEB41DAA2FA5008FBB8A /* PBXContainerItemProxy */;
		};
		89FBEEC01DAA2FA5008FBB8A /* PBXTargetDependency */ = {
			isa = PBXTargetDependency;
			target = 89FBEE961DAA2FA4008FBB8A /* woproject */;
			targetProxy = 89FBEEBF1DAA2FA5008FBB8A /* PBXContainerItemProxy */;
		};
/* End PBXTargetDependency section */

/* Begin XCBuildConfiguration section */
		89FBEEC51DAA2FA5008FBB8A /* Debug */ = {
			isa = XCBuildConfiguration;
			buildSettings = {
				ALWAYS_SEARCH_USER_PATHS = NO;
				CLANG_ANALYZER_NONNULL = YES;
				CLANG_CXX_LANGUAGE_STANDARD = "gnu++0x";
				CLANG_CXX_LIBRARY = "libc++";
				CLANG_ENABLE_MODULES = YES;
				CLANG_ENABLE_OBJC_ARC = YES;
				CLANG_WARN_BOOL_CONVERSION = YES;
				CLANG_WARN_CONSTANT_CONVERSION = YES;
				CLANG_WARN_DIRECT_OBJC_ISA_USAGE = YES_ERROR;
				CLANG_WARN_EMPTY_BODY = YES;
				CLANG_WARN_ENUM_CONVERSION = YES;
				CLANG_WARN_INT_CONVERSION = YES;
				CLANG_WARN_OBJC_ROOT_CLASS = YES_ERROR;
				CLANG_WARN_UNREACHABLE_CODE = YES;
				CLANG_WARN__DUPLICATE_METHOD_MATCH = YES;
				"CODE_SIGN_IDENTITY[sdk=iphoneos*]" = "iPhone Developer";
				COPY_PHASE_STRIP = NO;
				DEBUG_INFORMATION_FORMAT = dwarf;
				ENABLE_STRICT_OBJC_MSGSEND = YES;
				ENABLE_TESTABILITY = YES;
				GCC_C_LANGUAGE_STANDARD = gnu99;
				GCC_DYNAMIC_NO_PIC = NO;
				GCC_NO_COMMON_BLOCKS = YES;
				GCC_OPTIMIZATION_LEVEL = 0;
				GCC_PREPROCESSOR_DEFINITIONS = (
					"DEBUG=1",
					"$(inherited)",
				);
				GCC_WARN_64_TO_32_BIT_CONVERSION = YES;
				GCC_WARN_ABOUT_RETURN_TYPE = YES_ERROR;
				GCC_WARN_UNDECLARED_SELECTOR = YES;
				GCC_WARN_UNINITIALIZED_AUTOS = YES_AGGRESSIVE;
				GCC_WARN_UNUSED_FUNCTION = YES;
				GCC_WARN_UNUSED_VARIABLE = YES;
				IPHONEOS_DEPLOYMENT_TARGET = 9.3;
				MTL_ENABLE_DEBUG_INFO = YES;
				ONLY_ACTIVE_ARCH = YES;
				SDKROOT = iphoneos;
			};
			name = Debug;
		};
		89FBEEC61DAA2FA5008FBB8A /* Release */ = {
			isa = XCBuildConfiguration;
			buildSettings = {
				ALWAYS_SEARCH_USER_PATHS = NO;
				CLANG_ANALYZER_NONNULL = YES;
				CLANG_CXX_LANGUAGE_STANDARD = "gnu++0x";
				CLANG_CXX_LIBRARY = "libc++";
				CLANG_ENABLE_MODULES = YES;
				CLANG_ENABLE_OBJC_ARC = YES;
				CLANG_WARN_BOOL_CONVERSION = YES;
				CLANG_WARN_CONSTANT_CONVERSION = YES;
				CLANG_WARN_DIRECT_OBJC_ISA_USAGE = YES_ERROR;
				CLANG_WARN_EMPTY_BODY = YES;
				CLANG_WARN_ENUM_CONVERSION = YES;
				CLANG_WARN_INT_CONVERSION = YES;
				CLANG_WARN_OBJC_ROOT_CLASS = YES_ERROR;
				CLANG_WARN_UNREACHABLE_CODE = YES;
				CLANG_WARN__DUPLICATE_METHOD_MATCH = YES;
				"CODE_SIGN_IDENTITY[sdk=iphoneos*]" = "iPhone Developer";
				COPY_PHASE_STRIP = NO;
				DEBUG_INFORMATION_FORMAT = "dwarf-with-dsym";
				ENABLE_NS_ASSERTIONS = NO;
				ENABLE_STRICT_OBJC_MSGSEND = YES;
				GCC_C_LANGUAGE_STANDARD = gnu99;
				GCC_NO_COMMON_BLOCKS = YES;
				GCC_WARN_64_TO_32_BIT_CONVERSION = YES;
				GCC_WARN_ABOUT_RETURN_TYPE = YES_ERROR;
				GCC_WARN_UNDECLARED_SELECTOR = YES;
				GCC_WARN_UNINITIALIZED_AUTOS = YES_AGGRESSIVE;
				GCC_WARN_UNUSED_FUNCTION = YES;
				GCC_WARN_UNUSED_VARIABLE = YES;
				IPHONEOS_DEPLOYMENT_TARGET = 9.3;
				MTL_ENABLE_DEBUG_INFO = NO;
				SDKROOT = iphoneos;
				VALIDATE_PRODUCT = YES;
			};
			name = Release;
		};
		89FBEEC81DAA2FA5008FBB8A /* Debug */ = {
			isa = XCBuildConfiguration;
			baseConfigurationReference = AB2F1D5B769B71815D9962D6 /* Pods-woproject.debug.xcconfig */;
			buildSettings = {
				ASSETCATALOG_COMPILER_APPICON_NAME = AppIcon;
				ASSETCATALOG_COMPILER_LAUNCHIMAGE_NAME = LaunchImage;
				FRAMEWORK_SEARCH_PATHS = (
					"$(inherited)",
					"$(PROJECT_DIR)/woproject/amap",
				);
				GCC_PREFIX_HEADER = woproject/WoProjectHeader.pch;
				INFOPLIST_FILE = woproject/Info.plist;
				LD_RUNPATH_SEARCH_PATHS = "$(inherited) @executable_path/Frameworks";
				OTHER_LDFLAGS = (
					"$(inherited)",
					"-framework",
					"\"AFNetworking\"",
					"-framework",
					"\"MBProgressHUD\"",
					"-framework",
					"\"MJRefresh\"",
					"-ObjC",
					"-framework",
					"\"SDWebImage\"",
					"-framework",
					"\"SVProgressHUD\"",
				);
				PRODUCT_BUNDLE_IDENTIFIER = "com.tianan-apple.woproject";
				PRODUCT_NAME = "$(TARGET_NAME)";
			};
			name = Debug;
		};
		89FBEEC91DAA2FA5008FBB8A /* Release */ = {
			isa = XCBuildConfiguration;
			baseConfigurationReference = F35C9632D00B9E99247289CE /* Pods-woproject.release.xcconfig */;
			buildSettings = {
				ASSETCATALOG_COMPILER_APPICON_NAME = AppIcon;
				ASSETCATALOG_COMPILER_LAUNCHIMAGE_NAME = LaunchImage;
				FRAMEWORK_SEARCH_PATHS = (
					"$(inherited)",
					"$(PROJECT_DIR)/woproject/amap",
				);
				GCC_PREFIX_HEADER = woproject/WoProjectHeader.pch;
				INFOPLIST_FILE = woproject/Info.plist;
				LD_RUNPATH_SEARCH_PATHS = "$(inherited) @executable_path/Frameworks";
				OTHER_LDFLAGS = (
					"$(inherited)",
					"-framework",
					"\"AFNetworking\"",
					"-framework",
					"\"MBProgressHUD\"",
					"-framework",
					"\"MJRefresh\"",
					"-ObjC",
					"-framework",
					"\"SDWebImage\"",
					"-framework",
					"\"SVProgressHUD\"",
				);
				PRODUCT_BUNDLE_IDENTIFIER = "com.tianan-apple.woproject";
				PRODUCT_NAME = "$(TARGET_NAME)";
			};
			name = Release;
		};
		89FBEECB1DAA2FA5008FBB8A /* Debug */ = {
			isa = XCBuildConfiguration;
			buildSettings = {
				BUNDLE_LOADER = "$(TEST_HOST)";
				INFOPLIST_FILE = woprojectTests/Info.plist;
				LD_RUNPATH_SEARCH_PATHS = "$(inherited) @executable_path/Frameworks @loader_path/Frameworks";
				PRODUCT_BUNDLE_IDENTIFIER = "com.tianan-apple.woprojectTests";
				PRODUCT_NAME = "$(TARGET_NAME)";
				TEST_HOST = "$(BUILT_PRODUCTS_DIR)/woproject.app/woproject";
			};
			name = Debug;
		};
		89FBEECC1DAA2FA5008FBB8A /* Release */ = {
			isa = XCBuildConfiguration;
			buildSettings = {
				BUNDLE_LOADER = "$(TEST_HOST)";
				INFOPLIST_FILE = woprojectTests/Info.plist;
				LD_RUNPATH_SEARCH_PATHS = "$(inherited) @executable_path/Frameworks @loader_path/Frameworks";
				PRODUCT_BUNDLE_IDENTIFIER = "com.tianan-apple.woprojectTests";
				PRODUCT_NAME = "$(TARGET_NAME)";
				TEST_HOST = "$(BUILT_PRODUCTS_DIR)/woproject.app/woproject";
			};
			name = Release;
		};
		89FBEECE1DAA2FA5008FBB8A /* Debug */ = {
			isa = XCBuildConfiguration;
			buildSettings = {
				INFOPLIST_FILE = woprojectUITests/Info.plist;
				LD_RUNPATH_SEARCH_PATHS = "$(inherited) @executable_path/Frameworks @loader_path/Frameworks";
				PRODUCT_BUNDLE_IDENTIFIER = "com.tianan-apple.woprojectUITests";
				PRODUCT_NAME = "$(TARGET_NAME)";
				TEST_TARGET_NAME = woproject;
			};
			name = Debug;
		};
		89FBEECF1DAA2FA5008FBB8A /* Release */ = {
			isa = XCBuildConfiguration;
			buildSettings = {
				INFOPLIST_FILE = woprojectUITests/Info.plist;
				LD_RUNPATH_SEARCH_PATHS = "$(inherited) @executable_path/Frameworks @loader_path/Frameworks";
				PRODUCT_BUNDLE_IDENTIFIER = "com.tianan-apple.woprojectUITests";
				PRODUCT_NAME = "$(TARGET_NAME)";
				TEST_TARGET_NAME = woproject;
			};
			name = Release;
		};
/* End XCBuildConfiguration section */

/* Begin XCConfigurationList section */
		89FBEE921DAA2FA4008FBB8A /* Build configuration list for PBXProject "woproject" */ = {
			isa = XCConfigurationList;
			buildConfigurations = (
				89FBEEC51DAA2FA5008FBB8A /* Debug */,
				89FBEEC61DAA2FA5008FBB8A /* Release */,
			);
			defaultConfigurationIsVisible = 0;
			defaultConfigurationName = Release;
		};
		89FBEEC71DAA2FA5008FBB8A /* Build configuration list for PBXNativeTarget "woproject" */ = {
			isa = XCConfigurationList;
			buildConfigurations = (
				89FBEEC81DAA2FA5008FBB8A /* Debug */,
				89FBEEC91DAA2FA5008FBB8A /* Release */,
			);
			defaultConfigurationIsVisible = 0;
			defaultConfigurationName = Release;
		};
		89FBEECA1DAA2FA5008FBB8A /* Build configuration list for PBXNativeTarget "woprojectTests" */ = {
			isa = XCConfigurationList;
			buildConfigurations = (
				89FBEECB1DAA2FA5008FBB8A /* Debug */,
				89FBEECC1DAA2FA5008FBB8A /* Release */,
			);
			defaultConfigurationIsVisible = 0;
			defaultConfigurationName = Release;
		};
		89FBEECD1DAA2FA5008FBB8A /* Build configuration list for PBXNativeTarget "woprojectUITests" */ = {
			isa = XCConfigurationList;
			buildConfigurations = (
				89FBEECE1DAA2FA5008FBB8A /* Debug */,
				89FBEECF1DAA2FA5008FBB8A /* Release */,
			);
			defaultConfigurationIsVisible = 0;
			defaultConfigurationName = Release;
		};
/* End XCConfigurationList section */

/* Begin XCVersionGroup section */
		89FBEEA61DAA2FA5008FBB8A /* woproject.xcdatamodeld */ = {
			isa = XCVersionGroup;
			children = (
				89FBEEA71DAA2FA5008FBB8A /* woproject.xcdatamodel */,
			);
			currentVersion = 89FBEEA71DAA2FA5008FBB8A /* woproject.xcdatamodel */;
			path = woproject.xcdatamodeld;
			sourceTree = "<group>";
			versionGroupType = wrapper.xcdatamodel;
		};
/* End XCVersionGroup section */
	};
	rootObject = 89FBEE8F1DAA2FA4008FBB8A /* Project object */;
}
